// !$*UTF8*$!
{
	archiveVersion = 1;
	classes = {
	};
	objectVersion = 46;
	objects = {

/* Begin PBXBuildFile section */
		451F300C1A271377002BE9A5 /* button_background_image_day.png in Resources */ = {isa = PBXBuildFile; fileRef = 451F2FD81A271377002BE9A5 /* button_background_image_day.png */; };
		451F300D1A271377002BE9A5 /* button_background_image_day@2x.png in Resources */ = {isa = PBXBuildFile; fileRef = 451F2FD91A271377002BE9A5 /* button_background_image_day@2x.png */; };
		451F300E1A271377002BE9A5 /* button_background_image_day_act.png in Resources */ = {isa = PBXBuildFile; fileRef = 451F2FDA1A271377002BE9A5 /* button_background_image_day_act.png */; };
		451F300F1A271377002BE9A5 /* button_background_image_day_act@2x.png in Resources */ = {isa = PBXBuildFile; fileRef = 451F2FDB1A271377002BE9A5 /* button_background_image_day_act@2x.png */; };
		451F30101A271377002BE9A5 /* button_background_image_night.png in Resources */ = {isa = PBXBuildFile; fileRef = 451F2FDC1A271377002BE9A5 /* button_background_image_night.png */; };
		451F30111A271377002BE9A5 /* button_background_image_night@2x.png in Resources */ = {isa = PBXBuildFile; fileRef = 451F2FDD1A271377002BE9A5 /* button_background_image_night@2x.png */; };
		451F30121A271377002BE9A5 /* center_image_default.png in Resources */ = {isa = PBXBuildFile; fileRef = 451F2FDE1A271377002BE9A5 /* center_image_default.png */; };
		451F30131A271377002BE9A5 /* center_image_default@2x.png in Resources */ = {isa = PBXBuildFile; fileRef = 451F2FDF1A271377002BE9A5 /* center_image_default@2x.png */; };
		451F30141A271377002BE9A5 /* center_image_pressed.png in Resources */ = {isa = PBXBuildFile; fileRef = 451F2FE01A271377002BE9A5 /* center_image_pressed.png */; };
		451F30151A271377002BE9A5 /* center_image_pressed@2x.png in Resources */ = {isa = PBXBuildFile; fileRef = 451F2FE11A271377002BE9A5 /* center_image_pressed@2x.png */; };
		451F30161A271377002BE9A5 /* checkbox_smart_normal.png in Resources */ = {isa = PBXBuildFile; fileRef = 451F2FE21A271377002BE9A5 /* checkbox_smart_normal.png */; };
		451F30171A271377002BE9A5 /* checkbox_smart_normal@2x.png in Resources */ = {isa = PBXBuildFile; fileRef = 451F2FE31A271377002BE9A5 /* checkbox_smart_normal@2x.png */; };
		451F30181A271377002BE9A5 /* checkbox_smart_normal_disabled.png in Resources */ = {isa = PBXBuildFile; fileRef = 451F2FE41A271377002BE9A5 /* checkbox_smart_normal_disabled.png */; };
		451F30191A271377002BE9A5 /* checkbox_smart_normal_disabled@2x.png in Resources */ = {isa = PBXBuildFile; fileRef = 451F2FE51A271377002BE9A5 /* checkbox_smart_normal_disabled@2x.png */; };
		451F301A1A271377002BE9A5 /* dark_navigation_bar.png in Resources */ = {isa = PBXBuildFile; fileRef = 451F2FE61A271377002BE9A5 /* dark_navigation_bar.png */; };
		451F301B1A271377002BE9A5 /* dark_navigation_bar@2x.png in Resources */ = {isa = PBXBuildFile; fileRef = 451F2FE71A271377002BE9A5 /* dark_navigation_bar@2x.png */; };
		451F301C1A271377002BE9A5 /* Default-568h@2x.png in Resources */ = {isa = PBXBuildFile; fileRef = 451F2FE81A271377002BE9A5 /* Default-568h@2x.png */; };
		451F301D1A271377002BE9A5 /* Default@2x.png in Resources */ = {isa = PBXBuildFile; fileRef = 451F2FE91A271377002BE9A5 /* Default@2x.png */; };
		451F301E1A271377002BE9A5 /* icon_acount.png in Resources */ = {isa = PBXBuildFile; fileRef = 451F2FEA1A271377002BE9A5 /* icon_acount.png */; };
		451F301F1A271377002BE9A5 /* icon_acount@2x.png in Resources */ = {isa = PBXBuildFile; fileRef = 451F2FEB1A271377002BE9A5 /* icon_acount@2x.png */; };
		451F30201A271377002BE9A5 /* icon_acount_edit_acount.png in Resources */ = {isa = PBXBuildFile; fileRef = 451F2FEC1A271377002BE9A5 /* icon_acount_edit_acount.png */; };
		451F30211A271377002BE9A5 /* icon_acount_edit_acount@2x.png in Resources */ = {isa = PBXBuildFile; fileRef = 451F2FED1A271377002BE9A5 /* icon_acount_edit_acount@2x.png */; };
		451F30221A271377002BE9A5 /* icon_arrow_right_white.png in Resources */ = {isa = PBXBuildFile; fileRef = 451F2FEE1A271377002BE9A5 /* icon_arrow_right_white.png */; };
		451F30231A271377002BE9A5 /* icon_arrow_right_white@2x.png in Resources */ = {isa = PBXBuildFile; fileRef = 451F2FEF1A271377002BE9A5 /* icon_arrow_right_white@2x.png */; };
		451F30241A271377002BE9A5 /* icon_average_respiration_rate.png in Resources */ = {isa = PBXBuildFile; fileRef = 451F2FF01A271377002BE9A5 /* icon_average_respiration_rate.png */; };
		451F30251A271377002BE9A5 /* icon_average_respiration_rate@2x.png in Resources */ = {isa = PBXBuildFile; fileRef = 451F2FF11A271377002BE9A5 /* icon_average_respiration_rate@2x.png */; };
		451F30261A271377002BE9A5 /* icon_back.png in Resources */ = {isa = PBXBuildFile; fileRef = 451F2FF21A271377002BE9A5 /* icon_back.png */; };
		451F30271A271377002BE9A5 /* icon_back@2x.png in Resources */ = {isa = PBXBuildFile; fileRef = 451F2FF31A271377002BE9A5 /* icon_back@2x.png */; };
		451F30281A271377002BE9A5 /* icon_heart_extreme.png in Resources */ = {isa = PBXBuildFile; fileRef = 451F2FF41A271377002BE9A5 /* icon_heart_extreme.png */; };
		451F30291A271377002BE9A5 /* icon_heart_extreme@2x.png in Resources */ = {isa = PBXBuildFile; fileRef = 451F2FF51A271377002BE9A5 /* icon_heart_extreme@2x.png */; };
		451F302A1A271377002BE9A5 /* icon_heart_wide.png in Resources */ = {isa = PBXBuildFile; fileRef = 451F2FF61A271377002BE9A5 /* icon_heart_wide.png */; };
		451F302B1A271377002BE9A5 /* icon_heart_wide@2x.png in Resources */ = {isa = PBXBuildFile; fileRef = 451F2FF71A271377002BE9A5 /* icon_heart_wide@2x.png */; };
		451F302C1A271377002BE9A5 /* icon_idea.png in Resources */ = {isa = PBXBuildFile; fileRef = 451F2FF81A271377002BE9A5 /* icon_idea.png */; };
		451F302D1A271377002BE9A5 /* icon_idea@2x.png in Resources */ = {isa = PBXBuildFile; fileRef = 451F2FF91A271377002BE9A5 /* icon_idea@2x.png */; };
		451F302E1A271377002BE9A5 /* icon_measuring_spinner.png in Resources */ = {isa = PBXBuildFile; fileRef = 451F2FFA1A271377002BE9A5 /* icon_measuring_spinner.png */; };
		451F302F1A271377002BE9A5 /* icon_measuring_spinner@2x.png in Resources */ = {isa = PBXBuildFile; fileRef = 451F2FFB1A271377002BE9A5 /* icon_measuring_spinner@2x.png */; };
		451F30301A271377002BE9A5 /* icon_total_sleep_time.png in Resources */ = {isa = PBXBuildFile; fileRef = 451F2FFC1A271377002BE9A5 /* icon_total_sleep_time.png */; };
		451F30311A271377002BE9A5 /* icon_total_sleep_time@2x.png in Resources */ = {isa = PBXBuildFile; fileRef = 451F2FFD1A271377002BE9A5 /* icon_total_sleep_time@2x.png */; };
		451F30321A271377002BE9A5 /* icon_user.png in Resources */ = {isa = PBXBuildFile; fileRef = 451F2FFE1A271377002BE9A5 /* icon_user.png */; };
		451F30331A271377002BE9A5 /* icon_user@2x.png in Resources */ = {isa = PBXBuildFile; fileRef = 451F2FFF1A271377002BE9A5 /* icon_user@2x.png */; };
		451F30341A271377002BE9A5 /* icon_x.png in Resources */ = {isa = PBXBuildFile; fileRef = 451F30001A271377002BE9A5 /* icon_x.png */; };
		451F30351A271377002BE9A5 /* icon_x@2x.png in Resources */ = {isa = PBXBuildFile; fileRef = 451F30011A271377002BE9A5 /* icon_x@2x.png */; };
		451F30361A271377002BE9A5 /* score_breakdown.png in Resources */ = {isa = PBXBuildFile; fileRef = 451F30021A271377002BE9A5 /* score_breakdown.png */; };
		451F30371A271377002BE9A5 /* score_breakdown@2x.png in Resources */ = {isa = PBXBuildFile; fileRef = 451F30031A271377002BE9A5 /* score_breakdown@2x.png */; };
		451F30381A271377002BE9A5 /* sleep_achievement_icon.png in Resources */ = {isa = PBXBuildFile; fileRef = 451F30041A271377002BE9A5 /* sleep_achievement_icon.png */; };
		451F30391A271377002BE9A5 /* sleep_achievement_icon@2x.png in Resources */ = {isa = PBXBuildFile; fileRef = 451F30051A271377002BE9A5 /* sleep_achievement_icon@2x.png */; };
		451F303A1A271377002BE9A5 /* timeline_40@2x.png in Resources */ = {isa = PBXBuildFile; fileRef = 451F30061A271377002BE9A5 /* timeline_40@2x.png */; };
		451F303B1A271377002BE9A5 /* timeline_60@2x.png in Resources */ = {isa = PBXBuildFile; fileRef = 451F30071A271377002BE9A5 /* timeline_60@2x.png */; };
		451F303C1A271377002BE9A5 /* tip_icon_fitness.png in Resources */ = {isa = PBXBuildFile; fileRef = 451F30081A271377002BE9A5 /* tip_icon_fitness.png */; };
		451F303D1A271377002BE9A5 /* tip_icon_fitness@2x.png in Resources */ = {isa = PBXBuildFile; fileRef = 451F30091A271377002BE9A5 /* tip_icon_fitness@2x.png */; };
		451F303E1A271377002BE9A5 /* tip_icon_sheep.png in Resources */ = {isa = PBXBuildFile; fileRef = 451F300A1A271377002BE9A5 /* tip_icon_sheep.png */; };
		451F303F1A271377002BE9A5 /* tip_icon_sheep@2x.png in Resources */ = {isa = PBXBuildFile; fileRef = 451F300B1A271377002BE9A5 /* tip_icon_sheep@2x.png */; };
		451F30411A271395002BE9A5 /* Images.xcassets in Resources */ = {isa = PBXBuildFile; fileRef = 451F30401A271395002BE9A5 /* Images.xcassets */; };
		451F30431A2713A3002BE9A5 /* test.rtf in Resources */ = {isa = PBXBuildFile; fileRef = 451F30421A2713A3002BE9A5 /* test.rtf */; };
		45B75E6E1A11F1D0001AF044 /* UINavigationBar+WB.m in Sources */ = {isa = PBXBuildFile; fileRef = 45B75E6D1A11F1D0001AF044 /* UINavigationBar+WB.m */; };
		CE4553E81A0F4E8200E417B7 /* WBHitTestView.m in Sources */ = {isa = PBXBuildFile; fileRef = CE4553E71A0F4E8200E417B7 /* WBHitTestView.m */; };
		CE4553EB1A0F5D7800E417B7 /* WBContainViewController.m in Sources */ = {isa = PBXBuildFile; fileRef = CE4553EA1A0F5D7800E417B7 /* WBContainViewController.m */; };
		CE4553EE1A0F67ED00E417B7 /* WBSleepInfo.m in Sources */ = {isa = PBXBuildFile; fileRef = CE4553ED1A0F67ED00E417B7 /* WBSleepInfo.m */; };
		CE4553F11A0F68E800E417B7 /* WBSleepScore.m in Sources */ = {isa = PBXBuildFile; fileRef = CE4553F01A0F68E800E417B7 /* WBSleepScore.m */; };
		CE4553F41A0F721C00E417B7 /* WBBaseCell.m in Sources */ = {isa = PBXBuildFile; fileRef = CE4553F31A0F721C00E417B7 /* WBBaseCell.m */; };
		CE52184F1A0F3B4500650FB1 /* UIViewController+Container.m in Sources */ = {isa = PBXBuildFile; fileRef = CE52184E1A0F3B4500650FB1 /* UIViewController+Container.m */; };
		CE5414241A061B920013A450 /* WBImprovementIdeaCell.m in Sources */ = {isa = PBXBuildFile; fileRef = CE5414231A061B920013A450 /* WBImprovementIdeaCell.m */; };
		CE5414371A0624010013A450 /* WBTotalSleepTimeCell.m in Sources */ = {isa = PBXBuildFile; fileRef = CE5414361A0624010013A450 /* WBTotalSleepTimeCell.m */; };
		CE6DCB6B1A10EDF600F49843 /* WBCollectionViewCell.m in Sources */ = {isa = PBXBuildFile; fileRef = CE6DCB6A1A10EDF600F49843 /* WBCollectionViewCell.m */; };
		CE6DCB701A124BD400F49843 /* BLE.m in Sources */ = {isa = PBXBuildFile; fileRef = CE6DCB6E1A124BD400F49843 /* BLE.m */; };
		CEAA43371A07C99900EDBAF3 /* WBImprovementViewController.m in Sources */ = {isa = PBXBuildFile; fileRef = CEAA43361A07C99900EDBAF3 /* WBImprovementViewController.m */; };
		CEAA43461A07DAAA00EDBAF3 /* WBSettingPersonalInfoCell.m in Sources */ = {isa = PBXBuildFile; fileRef = CEAA43451A07DAAA00EDBAF3 /* WBSettingPersonalInfoCell.m */; };
		CEAA43491A07DACA00EDBAF3 /* WBSettingSleepGoalCell.m in Sources */ = {isa = PBXBuildFile; fileRef = CEAA43481A07DACA00EDBAF3 /* WBSettingSleepGoalCell.m */; };
		CEAA434C1A07DAEE00EDBAF3 /* WBSettingSleepTipsCell.m in Sources */ = {isa = PBXBuildFile; fileRef = CEAA434B1A07DAEE00EDBAF3 /* WBSettingSleepTipsCell.m */; };
		CEAA434F1A07DB0A00EDBAF3 /* WBSettingVersionCell.m in Sources */ = {isa = PBXBuildFile; fileRef = CEAA434E1A07DB0A00EDBAF3 /* WBSettingVersionCell.m */; };
		CEAA435A1A0914FB00EDBAF3 /* WBPersonalInfoViewController.m in Sources */ = {isa = PBXBuildFile; fileRef = CEAA43591A0914FB00EDBAF3 /* WBPersonalInfoViewController.m */; };
		CEAA435D1A09185700EDBAF3 /* WBConnectDeviceView.m in Sources */ = {isa = PBXBuildFile; fileRef = CEAA435C1A09185700EDBAF3 /* WBConnectDeviceView.m */; };
		CEAA43601A09188400EDBAF3 /* WBMeasuringView.m in Sources */ = {isa = PBXBuildFile; fileRef = CEAA435F1A09188400EDBAF3 /* WBMeasuringView.m */; };
		CEAA436A1A092E6700EDBAF3 /* ExternalAccessory.framework in Frameworks */ = {isa = PBXBuildFile; fileRef = CEAA43691A092E6700EDBAF3 /* ExternalAccessory.framework */; };
		CEAA436C1A092E6D00EDBAF3 /* CoreBluetooth.framework in Frameworks */ = {isa = PBXBuildFile; fileRef = CEAA436B1A092E6D00EDBAF3 /* CoreBluetooth.framework */; };
		CEB79A7D1A051AAB00714531 /* main.m in Sources */ = {isa = PBXBuildFile; fileRef = CEB79A7C1A051AAB00714531 /* main.m */; };
		CEB79A801A051AAB00714531 /* AppDelegate.m in Sources */ = {isa = PBXBuildFile; fileRef = CEB79A7F1A051AAB00714531 /* AppDelegate.m */; };
		CEB79A971A051AAB00714531 /* WristBandTests.m in Sources */ = {isa = PBXBuildFile; fileRef = CEB79A961A051AAB00714531 /* WristBandTests.m */; };
		CEB79ACA1A05249200714531 /* WBSleepPoint.m in Sources */ = {isa = PBXBuildFile; fileRef = CEB79AC91A05249200714531 /* WBSleepPoint.m */; };
		CEB79ACE1A0527E300714531 /* WBSettingViewController.m in Sources */ = {isa = PBXBuildFile; fileRef = CEB79ACD1A0527E300714531 /* WBSettingViewController.m */; };
		CEB79AD41A05285B00714531 /* WBLineChartView.m in Sources */ = {isa = PBXBuildFile; fileRef = CEB79AD11A05285B00714531 /* WBLineChartView.m */; };
		CEB79AD51A05285B00714531 /* WBMainViewController.m in Sources */ = {isa = PBXBuildFile; fileRef = CEB79AD31A05285B00714531 /* WBMainViewController.m */; };
		CEB79ADA1A0528F300714531 /* WBMainView.m in Sources */ = {isa = PBXBuildFile; fileRef = CEB79AD91A0528F300714531 /* WBMainView.m */; };
		CEB79ADD1A05374200714531 /* WBCircleView.m in Sources */ = {isa = PBXBuildFile; fileRef = CEB79ADC1A05374200714531 /* WBCircleView.m */; };
		CEB79B1F1A05D35E00714531 /* UIDevice+WB.m in Sources */ = {isa = PBXBuildFile; fileRef = CEB79B1E1A05D35E00714531 /* UIDevice+WB.m */; };
		CEB79B331A05DA8900714531 /* UIView+WB.m in Sources */ = {isa = PBXBuildFile; fileRef = CEB79B321A05DA8900714531 /* UIView+WB.m */; };
		CEB79B3E1A05F92300714531 /* UIColor+WB.m in Sources */ = {isa = PBXBuildFile; fileRef = CEB79B3D1A05F92300714531 /* UIColor+WB.m */; };
		CEB79B451A06046600714531 /* WBScoreDetailCell.m in Sources */ = {isa = PBXBuildFile; fileRef = CEB79B441A06046600714531 /* WBScoreDetailCell.m */; };
		CEBC5C171A239F4B00FCFC0C /* NSDate+WB.m in Sources */ = {isa = PBXBuildFile; fileRef = CEBC5C161A239F4B00FCFC0C /* NSDate+WB.m */; };
		CED1D14F1A2764B3002C66E9 /* WBDataOperation.m in Sources */ = {isa = PBXBuildFile; fileRef = CED1D14E1A2764B3002C66E9 /* WBDataOperation.m */; };
		CED526811A1F885700016B4D /* WBHeartRateCell.m in Sources */ = {isa = PBXBuildFile; fileRef = CED526801A1F885700016B4D /* WBHeartRateCell.m */; };
		CED526841A1F888800016B4D /* WBBreathRateCell.m in Sources */ = {isa = PBXBuildFile; fileRef = CED526831A1F888800016B4D /* WBBreathRateCell.m */; };
		CEDBA15D1A236CA900A28AC4 /* NSString+WB.m in Sources */ = {isa = PBXBuildFile; fileRef = CEDBA15C1A236CA900A28AC4 /* NSString+WB.m */; };
		CEDBA1601A236DEB00A28AC4 /* WBDatabaseService.m in Sources */ = {isa = PBXBuildFile; fileRef = CEDBA15F1A236DEB00A28AC4 /* WBDatabaseService.m */; };
		CEDBA16D1A236E9700A28AC4 /* WBEntityBase.m in Sources */ = {isa = PBXBuildFile; fileRef = CEDBA16C1A236E9700A28AC4 /* WBEntityBase.m */; };
		CEDBA1701A236F6200A28AC4 /* WBDatabaseTransaction.m in Sources */ = {isa = PBXBuildFile; fileRef = CEDBA16F1A236F6200A28AC4 /* WBDatabaseTransaction.m */; };
		CEDBA1801A23709600A28AC4 /* WBDatabaseResultSet.m in Sources */ = {isa = PBXBuildFile; fileRef = CEDBA17A1A23709600A28AC4 /* WBDatabaseResultSet.m */; };
		CEDBA1881A2370B900A28AC4 /* WBMutableSQLBuffer.m in Sources */ = {isa = PBXBuildFile; fileRef = CEDBA1851A2370B900A28AC4 /* WBMutableSQLBuffer.m */; };
		CEDBA1891A2370B900A28AC4 /* WBSQLBuffer.m in Sources */ = {isa = PBXBuildFile; fileRef = CEDBA1871A2370B900A28AC4 /* WBSQLBuffer.m */; };
		CEDBA18D1A23726B00A28AC4 /* WBPath.m in Sources */ = {isa = PBXBuildFile; fileRef = CEDBA18C1A23726B00A28AC4 /* WBPath.m */; };
		CEDBA1901A23748D00A28AC4 /* default.sql in Resources */ = {isa = PBXBuildFile; fileRef = CEDBA18F1A23748D00A28AC4 /* default.sql */; };
		CEDBA1951A237FD200A28AC4 /* WBFMDatabase.m in Sources */ = {isa = PBXBuildFile; fileRef = CEDBA1941A237FD200A28AC4 /* WBFMDatabase.m */; };
		FBACAE75B9070C53672BEEF6 /* libPods-WristBand.a in Frameworks */ = {isa = PBXBuildFile; fileRef = F46EBEA34800CB67344ACAE9 /* libPods-WristBand.a */; };
/* End PBXBuildFile section */

/* Begin PBXContainerItemProxy section */
		CEB79A911A051AAB00714531 /* PBXContainerItemProxy */ = {
			isa = PBXContainerItemProxy;
			containerPortal = CEB79A6F1A051AAB00714531 /* Project object */;
			proxyType = 1;
			remoteGlobalIDString = CEB79A761A051AAB00714531;
			remoteInfo = WristBand;
		};
/* End PBXContainerItemProxy section */

/* Begin PBXFileReference section */
		451F2FD81A271377002BE9A5 /* button_background_image_day.png */ = {isa = PBXFileReference; lastKnownFileType = image.png; path = button_background_image_day.png; sourceTree = "<group>"; };
		451F2FD91A271377002BE9A5 /* button_background_image_day@2x.png */ = {isa = PBXFileReference; lastKnownFileType = image.png; path = "button_background_image_day@2x.png"; sourceTree = "<group>"; };
		451F2FDA1A271377002BE9A5 /* button_background_image_day_act.png */ = {isa = PBXFileReference; lastKnownFileType = image.png; path = button_background_image_day_act.png; sourceTree = "<group>"; };
		451F2FDB1A271377002BE9A5 /* button_background_image_day_act@2x.png */ = {isa = PBXFileReference; lastKnownFileType = image.png; path = "button_background_image_day_act@2x.png"; sourceTree = "<group>"; };
		451F2FDC1A271377002BE9A5 /* button_background_image_night.png */ = {isa = PBXFileReference; lastKnownFileType = image.png; path = button_background_image_night.png; sourceTree = "<group>"; };
		451F2FDD1A271377002BE9A5 /* button_background_image_night@2x.png */ = {isa = PBXFileReference; lastKnownFileType = image.png; path = "button_background_image_night@2x.png"; sourceTree = "<group>"; };
		451F2FDE1A271377002BE9A5 /* center_image_default.png */ = {isa = PBXFileReference; lastKnownFileType = image.png; path = center_image_default.png; sourceTree = "<group>"; };
		451F2FDF1A271377002BE9A5 /* center_image_default@2x.png */ = {isa = PBXFileReference; lastKnownFileType = image.png; path = "center_image_default@2x.png"; sourceTree = "<group>"; };
		451F2FE01A271377002BE9A5 /* center_image_pressed.png */ = {isa = PBXFileReference; lastKnownFileType = image.png; path = center_image_pressed.png; sourceTree = "<group>"; };
		451F2FE11A271377002BE9A5 /* center_image_pressed@2x.png */ = {isa = PBXFileReference; lastKnownFileType = image.png; path = "center_image_pressed@2x.png"; sourceTree = "<group>"; };
		451F2FE21A271377002BE9A5 /* checkbox_smart_normal.png */ = {isa = PBXFileReference; lastKnownFileType = image.png; path = checkbox_smart_normal.png; sourceTree = "<group>"; };
		451F2FE31A271377002BE9A5 /* checkbox_smart_normal@2x.png */ = {isa = PBXFileReference; lastKnownFileType = image.png; path = "checkbox_smart_normal@2x.png"; sourceTree = "<group>"; };
		451F2FE41A271377002BE9A5 /* checkbox_smart_normal_disabled.png */ = {isa = PBXFileReference; lastKnownFileType = image.png; path = checkbox_smart_normal_disabled.png; sourceTree = "<group>"; };
		451F2FE51A271377002BE9A5 /* checkbox_smart_normal_disabled@2x.png */ = {isa = PBXFileReference; lastKnownFileType = image.png; path = "checkbox_smart_normal_disabled@2x.png"; sourceTree = "<group>"; };
		451F2FE61A271377002BE9A5 /* dark_navigation_bar.png */ = {isa = PBXFileReference; lastKnownFileType = image.png; path = dark_navigation_bar.png; sourceTree = "<group>"; };
		451F2FE71A271377002BE9A5 /* dark_navigation_bar@2x.png */ = {isa = PBXFileReference; lastKnownFileType = image.png; path = "dark_navigation_bar@2x.png"; sourceTree = "<group>"; };
		451F2FE81A271377002BE9A5 /* Default-568h@2x.png */ = {isa = PBXFileReference; lastKnownFileType = image.png; path = "Default-568h@2x.png"; sourceTree = "<group>"; };
		451F2FE91A271377002BE9A5 /* Default@2x.png */ = {isa = PBXFileReference; lastKnownFileType = image.png; path = "Default@2x.png"; sourceTree = "<group>"; };
		451F2FEA1A271377002BE9A5 /* icon_acount.png */ = {isa = PBXFileReference; lastKnownFileType = image.png; path = icon_acount.png; sourceTree = "<group>"; };
		451F2FEB1A271377002BE9A5 /* icon_acount@2x.png */ = {isa = PBXFileReference; lastKnownFileType = image.png; path = "icon_acount@2x.png"; sourceTree = "<group>"; };
		451F2FEC1A271377002BE9A5 /* icon_acount_edit_acount.png */ = {isa = PBXFileReference; lastKnownFileType = image.png; path = icon_acount_edit_acount.png; sourceTree = "<group>"; };
		451F2FED1A271377002BE9A5 /* icon_acount_edit_acount@2x.png */ = {isa = PBXFileReference; lastKnownFileType = image.png; path = "icon_acount_edit_acount@2x.png"; sourceTree = "<group>"; };
		451F2FEE1A271377002BE9A5 /* icon_arrow_right_white.png */ = {isa = PBXFileReference; lastKnownFileType = image.png; path = icon_arrow_right_white.png; sourceTree = "<group>"; };
		451F2FEF1A271377002BE9A5 /* icon_arrow_right_white@2x.png */ = {isa = PBXFileReference; lastKnownFileType = image.png; path = "icon_arrow_right_white@2x.png"; sourceTree = "<group>"; };
		451F2FF01A271377002BE9A5 /* icon_average_respiration_rate.png */ = {isa = PBXFileReference; lastKnownFileType = image.png; path = icon_average_respiration_rate.png; sourceTree = "<group>"; };
		451F2FF11A271377002BE9A5 /* icon_average_respiration_rate@2x.png */ = {isa = PBXFileReference; lastKnownFileType = image.png; path = "icon_average_respiration_rate@2x.png"; sourceTree = "<group>"; };
		451F2FF21A271377002BE9A5 /* icon_back.png */ = {isa = PBXFileReference; lastKnownFileType = image.png; path = icon_back.png; sourceTree = "<group>"; };
		451F2FF31A271377002BE9A5 /* icon_back@2x.png */ = {isa = PBXFileReference; lastKnownFileType = image.png; path = "icon_back@2x.png"; sourceTree = "<group>"; };
		451F2FF41A271377002BE9A5 /* icon_heart_extreme.png */ = {isa = PBXFileReference; lastKnownFileType = image.png; path = icon_heart_extreme.png; sourceTree = "<group>"; };
		451F2FF51A271377002BE9A5 /* icon_heart_extreme@2x.png */ = {isa = PBXFileReference; lastKnownFileType = image.png; path = "icon_heart_extreme@2x.png"; sourceTree = "<group>"; };
		451F2FF61A271377002BE9A5 /* icon_heart_wide.png */ = {isa = PBXFileReference; lastKnownFileType = image.png; path = icon_heart_wide.png; sourceTree = "<group>"; };
		451F2FF71A271377002BE9A5 /* icon_heart_wide@2x.png */ = {isa = PBXFileReference; lastKnownFileType = image.png; path = "icon_heart_wide@2x.png"; sourceTree = "<group>"; };
		451F2FF81A271377002BE9A5 /* icon_idea.png */ = {isa = PBXFileReference; lastKnownFileType = image.png; path = icon_idea.png; sourceTree = "<group>"; };
		451F2FF91A271377002BE9A5 /* icon_idea@2x.png */ = {isa = PBXFileReference; lastKnownFileType = image.png; path = "icon_idea@2x.png"; sourceTree = "<group>"; };
		451F2FFA1A271377002BE9A5 /* icon_measuring_spinner.png */ = {isa = PBXFileReference; lastKnownFileType = image.png; path = icon_measuring_spinner.png; sourceTree = "<group>"; };
		451F2FFB1A271377002BE9A5 /* icon_measuring_spinner@2x.png */ = {isa = PBXFileReference; lastKnownFileType = image.png; path = "icon_measuring_spinner@2x.png"; sourceTree = "<group>"; };
		451F2FFC1A271377002BE9A5 /* icon_total_sleep_time.png */ = {isa = PBXFileReference; lastKnownFileType = image.png; path = icon_total_sleep_time.png; sourceTree = "<group>"; };
		451F2FFD1A271377002BE9A5 /* icon_total_sleep_time@2x.png */ = {isa = PBXFileReference; lastKnownFileType = image.png; path = "icon_total_sleep_time@2x.png"; sourceTree = "<group>"; };
		451F2FFE1A271377002BE9A5 /* icon_user.png */ = {isa = PBXFileReference; lastKnownFileType = image.png; path = icon_user.png; sourceTree = "<group>"; };
		451F2FFF1A271377002BE9A5 /* icon_user@2x.png */ = {isa = PBXFileReference; lastKnownFileType = image.png; path = "icon_user@2x.png"; sourceTree = "<group>"; };
		451F30001A271377002BE9A5 /* icon_x.png */ = {isa = PBXFileReference; lastKnownFileType = image.png; path = icon_x.png; sourceTree = "<group>"; };
		451F30011A271377002BE9A5 /* icon_x@2x.png */ = {isa = PBXFileReference; lastKnownFileType = image.png; path = "icon_x@2x.png"; sourceTree = "<group>"; };
		451F30021A271377002BE9A5 /* score_breakdown.png */ = {isa = PBXFileReference; lastKnownFileType = image.png; path = score_breakdown.png; sourceTree = "<group>"; };
		451F30031A271377002BE9A5 /* score_breakdown@2x.png */ = {isa = PBXFileReference; lastKnownFileType = image.png; path = "score_breakdown@2x.png"; sourceTree = "<group>"; };
		451F30041A271377002BE9A5 /* sleep_achievement_icon.png */ = {isa = PBXFileReference; lastKnownFileType = image.png; path = sleep_achievement_icon.png; sourceTree = "<group>"; };
		451F30051A271377002BE9A5 /* sleep_achievement_icon@2x.png */ = {isa = PBXFileReference; lastKnownFileType = image.png; path = "sleep_achievement_icon@2x.png"; sourceTree = "<group>"; };
		451F30061A271377002BE9A5 /* timeline_40@2x.png */ = {isa = PBXFileReference; lastKnownFileType = image.png; path = "timeline_40@2x.png"; sourceTree = "<group>"; };
		451F30071A271377002BE9A5 /* timeline_60@2x.png */ = {isa = PBXFileReference; lastKnownFileType = image.png; path = "timeline_60@2x.png"; sourceTree = "<group>"; };
		451F30081A271377002BE9A5 /* tip_icon_fitness.png */ = {isa = PBXFileReference; lastKnownFileType = image.png; path = tip_icon_fitness.png; sourceTree = "<group>"; };
		451F30091A271377002BE9A5 /* tip_icon_fitness@2x.png */ = {isa = PBXFileReference; lastKnownFileType = image.png; path = "tip_icon_fitness@2x.png"; sourceTree = "<group>"; };
		451F300A1A271377002BE9A5 /* tip_icon_sheep.png */ = {isa = PBXFileReference; lastKnownFileType = image.png; path = tip_icon_sheep.png; sourceTree = "<group>"; };
		451F300B1A271377002BE9A5 /* tip_icon_sheep@2x.png */ = {isa = PBXFileReference; lastKnownFileType = image.png; path = "tip_icon_sheep@2x.png"; sourceTree = "<group>"; };
		451F30401A271395002BE9A5 /* Images.xcassets */ = {isa = PBXFileReference; lastKnownFileType = folder.assetcatalog; path = Images.xcassets; sourceTree = "<group>"; };
		451F30421A2713A3002BE9A5 /* test.rtf */ = {isa = PBXFileReference; fileEncoding = 4; lastKnownFileType = text.rtf; path = test.rtf; sourceTree = "<group>"; };
		45B75E6C1A11F1D0001AF044 /* UINavigationBar+WB.h */ = {isa = PBXFileReference; fileEncoding = 4; lastKnownFileType = sourcecode.c.h; path = "UINavigationBar+WB.h"; sourceTree = "<group>"; };
		45B75E6D1A11F1D0001AF044 /* UINavigationBar+WB.m */ = {isa = PBXFileReference; fileEncoding = 4; lastKnownFileType = sourcecode.c.objc; path = "UINavigationBar+WB.m"; sourceTree = "<group>"; };
		51713049B41943CF9271265A /* Pods-WristBand.release.xcconfig */ = {isa = PBXFileReference; includeInIndex = 1; lastKnownFileType = text.xcconfig; name = "Pods-WristBand.release.xcconfig"; path = "Pods/Target Support Files/Pods-WristBand/Pods-WristBand.release.xcconfig"; sourceTree = "<group>"; };
		CE4553E61A0F4E8200E417B7 /* WBHitTestView.h */ = {isa = PBXFileReference; fileEncoding = 4; lastKnownFileType = sourcecode.c.h; path = WBHitTestView.h; sourceTree = "<group>"; };
		CE4553E71A0F4E8200E417B7 /* WBHitTestView.m */ = {isa = PBXFileReference; fileEncoding = 4; lastKnownFileType = sourcecode.c.objc; path = WBHitTestView.m; sourceTree = "<group>"; };
		CE4553E91A0F5D7800E417B7 /* WBContainViewController.h */ = {isa = PBXFileReference; fileEncoding = 4; lastKnownFileType = sourcecode.c.h; path = WBContainViewController.h; sourceTree = "<group>"; };
		CE4553EA1A0F5D7800E417B7 /* WBContainViewController.m */ = {isa = PBXFileReference; fileEncoding = 4; lastKnownFileType = sourcecode.c.objc; path = WBContainViewController.m; sourceTree = "<group>"; };
		CE4553EC1A0F67ED00E417B7 /* WBSleepInfo.h */ = {isa = PBXFileReference; fileEncoding = 4; lastKnownFileType = sourcecode.c.h; path = WBSleepInfo.h; sourceTree = "<group>"; };
		CE4553ED1A0F67ED00E417B7 /* WBSleepInfo.m */ = {isa = PBXFileReference; fileEncoding = 4; lastKnownFileType = sourcecode.c.objc; path = WBSleepInfo.m; sourceTree = "<group>"; };
		CE4553EF1A0F68E800E417B7 /* WBSleepScore.h */ = {isa = PBXFileReference; fileEncoding = 4; lastKnownFileType = sourcecode.c.h; path = WBSleepScore.h; sourceTree = "<group>"; };
		CE4553F01A0F68E800E417B7 /* WBSleepScore.m */ = {isa = PBXFileReference; fileEncoding = 4; lastKnownFileType = sourcecode.c.objc; path = WBSleepScore.m; sourceTree = "<group>"; };
		CE4553F21A0F721C00E417B7 /* WBBaseCell.h */ = {isa = PBXFileReference; fileEncoding = 4; lastKnownFileType = sourcecode.c.h; path = WBBaseCell.h; sourceTree = "<group>"; };
		CE4553F31A0F721C00E417B7 /* WBBaseCell.m */ = {isa = PBXFileReference; fileEncoding = 4; lastKnownFileType = sourcecode.c.objc; path = WBBaseCell.m; sourceTree = "<group>"; };
		CE52184D1A0F3B4500650FB1 /* UIViewController+Container.h */ = {isa = PBXFileReference; fileEncoding = 4; lastKnownFileType = sourcecode.c.h; path = "UIViewController+Container.h"; sourceTree = "<group>"; };
		CE52184E1A0F3B4500650FB1 /* UIViewController+Container.m */ = {isa = PBXFileReference; fileEncoding = 4; lastKnownFileType = sourcecode.c.objc; path = "UIViewController+Container.m"; sourceTree = "<group>"; };
		CE5414221A061B920013A450 /* WBImprovementIdeaCell.h */ = {isa = PBXFileReference; fileEncoding = 4; lastKnownFileType = sourcecode.c.h; path = WBImprovementIdeaCell.h; sourceTree = "<group>"; };
		CE5414231A061B920013A450 /* WBImprovementIdeaCell.m */ = {isa = PBXFileReference; fileEncoding = 4; lastKnownFileType = sourcecode.c.objc; path = WBImprovementIdeaCell.m; sourceTree = "<group>"; };
		CE5414351A0624010013A450 /* WBTotalSleepTimeCell.h */ = {isa = PBXFileReference; fileEncoding = 4; lastKnownFileType = sourcecode.c.h; path = WBTotalSleepTimeCell.h; sourceTree = "<group>"; };
		CE5414361A0624010013A450 /* WBTotalSleepTimeCell.m */ = {isa = PBXFileReference; fileEncoding = 4; lastKnownFileType = sourcecode.c.objc; path = WBTotalSleepTimeCell.m; sourceTree = "<group>"; };
		CE6DCB691A10EDF600F49843 /* WBCollectionViewCell.h */ = {isa = PBXFileReference; fileEncoding = 4; lastKnownFileType = sourcecode.c.h; path = WBCollectionViewCell.h; sourceTree = "<group>"; };
		CE6DCB6A1A10EDF600F49843 /* WBCollectionViewCell.m */ = {isa = PBXFileReference; fileEncoding = 4; lastKnownFileType = sourcecode.c.objc; path = WBCollectionViewCell.m; sourceTree = "<group>"; };
		CE6DCB6D1A124BD400F49843 /* BLE.h */ = {isa = PBXFileReference; fileEncoding = 4; lastKnownFileType = sourcecode.c.h; path = BLE.h; sourceTree = "<group>"; };
		CE6DCB6E1A124BD400F49843 /* BLE.m */ = {isa = PBXFileReference; fileEncoding = 4; lastKnownFileType = sourcecode.c.objc; path = BLE.m; sourceTree = "<group>"; };
		CE6DCB6F1A124BD400F49843 /* BLEDefines.h */ = {isa = PBXFileReference; fileEncoding = 4; lastKnownFileType = sourcecode.c.h; path = BLEDefines.h; sourceTree = "<group>"; };
		CE6DCB721A124EAB00F49843 /* WBSingleton.h */ = {isa = PBXFileReference; fileEncoding = 4; lastKnownFileType = sourcecode.c.h; path = WBSingleton.h; sourceTree = "<group>"; };
		CEAA43351A07C99900EDBAF3 /* WBImprovementViewController.h */ = {isa = PBXFileReference; fileEncoding = 4; lastKnownFileType = sourcecode.c.h; path = WBImprovementViewController.h; sourceTree = "<group>"; };
		CEAA43361A07C99900EDBAF3 /* WBImprovementViewController.m */ = {isa = PBXFileReference; fileEncoding = 4; lastKnownFileType = sourcecode.c.objc; path = WBImprovementViewController.m; sourceTree = "<group>"; };
		CEAA43441A07DAAA00EDBAF3 /* WBSettingPersonalInfoCell.h */ = {isa = PBXFileReference; fileEncoding = 4; lastKnownFileType = sourcecode.c.h; path = WBSettingPersonalInfoCell.h; sourceTree = "<group>"; };
		CEAA43451A07DAAA00EDBAF3 /* WBSettingPersonalInfoCell.m */ = {isa = PBXFileReference; fileEncoding = 4; lastKnownFileType = sourcecode.c.objc; path = WBSettingPersonalInfoCell.m; sourceTree = "<group>"; };
		CEAA43471A07DACA00EDBAF3 /* WBSettingSleepGoalCell.h */ = {isa = PBXFileReference; fileEncoding = 4; lastKnownFileType = sourcecode.c.h; path = WBSettingSleepGoalCell.h; sourceTree = "<group>"; };
		CEAA43481A07DACA00EDBAF3 /* WBSettingSleepGoalCell.m */ = {isa = PBXFileReference; fileEncoding = 4; lastKnownFileType = sourcecode.c.objc; path = WBSettingSleepGoalCell.m; sourceTree = "<group>"; };
		CEAA434A1A07DAEE00EDBAF3 /* WBSettingSleepTipsCell.h */ = {isa = PBXFileReference; fileEncoding = 4; lastKnownFileType = sourcecode.c.h; path = WBSettingSleepTipsCell.h; sourceTree = "<group>"; };
		CEAA434B1A07DAEE00EDBAF3 /* WBSettingSleepTipsCell.m */ = {isa = PBXFileReference; fileEncoding = 4; lastKnownFileType = sourcecode.c.objc; path = WBSettingSleepTipsCell.m; sourceTree = "<group>"; };
		CEAA434D1A07DB0A00EDBAF3 /* WBSettingVersionCell.h */ = {isa = PBXFileReference; fileEncoding = 4; lastKnownFileType = sourcecode.c.h; path = WBSettingVersionCell.h; sourceTree = "<group>"; };
		CEAA434E1A07DB0A00EDBAF3 /* WBSettingVersionCell.m */ = {isa = PBXFileReference; fileEncoding = 4; lastKnownFileType = sourcecode.c.objc; path = WBSettingVersionCell.m; sourceTree = "<group>"; };
		CEAA43581A0914FB00EDBAF3 /* WBPersonalInfoViewController.h */ = {isa = PBXFileReference; fileEncoding = 4; lastKnownFileType = sourcecode.c.h; path = WBPersonalInfoViewController.h; sourceTree = "<group>"; };
		CEAA43591A0914FB00EDBAF3 /* WBPersonalInfoViewController.m */ = {isa = PBXFileReference; fileEncoding = 4; lastKnownFileType = sourcecode.c.objc; path = WBPersonalInfoViewController.m; sourceTree = "<group>"; };
		CEAA435B1A09185700EDBAF3 /* WBConnectDeviceView.h */ = {isa = PBXFileReference; fileEncoding = 4; lastKnownFileType = sourcecode.c.h; path = WBConnectDeviceView.h; sourceTree = "<group>"; };
		CEAA435C1A09185700EDBAF3 /* WBConnectDeviceView.m */ = {isa = PBXFileReference; fileEncoding = 4; lastKnownFileType = sourcecode.c.objc; path = WBConnectDeviceView.m; sourceTree = "<group>"; };
		CEAA435E1A09188400EDBAF3 /* WBMeasuringView.h */ = {isa = PBXFileReference; fileEncoding = 4; lastKnownFileType = sourcecode.c.h; path = WBMeasuringView.h; sourceTree = "<group>"; };
		CEAA435F1A09188400EDBAF3 /* WBMeasuringView.m */ = {isa = PBXFileReference; fileEncoding = 4; lastKnownFileType = sourcecode.c.objc; path = WBMeasuringView.m; sourceTree = "<group>"; };
		CEAA43691A092E6700EDBAF3 /* ExternalAccessory.framework */ = {isa = PBXFileReference; lastKnownFileType = wrapper.framework; name = ExternalAccessory.framework; path = System/Library/Frameworks/ExternalAccessory.framework; sourceTree = SDKROOT; };
		CEAA436B1A092E6D00EDBAF3 /* CoreBluetooth.framework */ = {isa = PBXFileReference; lastKnownFileType = wrapper.framework; name = CoreBluetooth.framework; path = System/Library/Frameworks/CoreBluetooth.framework; sourceTree = SDKROOT; };
		CEB79A771A051AAB00714531 /* WristBand.app */ = {isa = PBXFileReference; explicitFileType = wrapper.application; includeInIndex = 0; path = WristBand.app; sourceTree = BUILT_PRODUCTS_DIR; };
		CEB79A7B1A051AAB00714531 /* Info.plist */ = {isa = PBXFileReference; lastKnownFileType = text.plist.xml; path = Info.plist; sourceTree = "<group>"; };
		CEB79A7C1A051AAB00714531 /* main.m */ = {isa = PBXFileReference; lastKnownFileType = sourcecode.c.objc; path = main.m; sourceTree = "<group>"; };
		CEB79A7E1A051AAB00714531 /* AppDelegate.h */ = {isa = PBXFileReference; lastKnownFileType = sourcecode.c.h; path = AppDelegate.h; sourceTree = "<group>"; };
		CEB79A7F1A051AAB00714531 /* AppDelegate.m */ = {isa = PBXFileReference; lastKnownFileType = sourcecode.c.objc; path = AppDelegate.m; sourceTree = "<group>"; };
		CEB79A901A051AAB00714531 /* WristBandTests.xctest */ = {isa = PBXFileReference; explicitFileType = wrapper.cfbundle; includeInIndex = 0; path = WristBandTests.xctest; sourceTree = BUILT_PRODUCTS_DIR; };
		CEB79A951A051AAB00714531 /* Info.plist */ = {isa = PBXFileReference; lastKnownFileType = text.plist.xml; path = Info.plist; sourceTree = "<group>"; };
		CEB79A961A051AAB00714531 /* WristBandTests.m */ = {isa = PBXFileReference; lastKnownFileType = sourcecode.c.objc; path = WristBandTests.m; sourceTree = "<group>"; };
		CEB79AC81A05249200714531 /* WBSleepPoint.h */ = {isa = PBXFileReference; fileEncoding = 4; lastKnownFileType = sourcecode.c.h; path = WBSleepPoint.h; sourceTree = "<group>"; };
		CEB79AC91A05249200714531 /* WBSleepPoint.m */ = {isa = PBXFileReference; fileEncoding = 4; lastKnownFileType = sourcecode.c.objc; path = WBSleepPoint.m; sourceTree = "<group>"; };
		CEB79ACC1A0527E300714531 /* WBSettingViewController.h */ = {isa = PBXFileReference; fileEncoding = 4; lastKnownFileType = sourcecode.c.h; path = WBSettingViewController.h; sourceTree = "<group>"; };
		CEB79ACD1A0527E300714531 /* WBSettingViewController.m */ = {isa = PBXFileReference; fileEncoding = 4; lastKnownFileType = sourcecode.c.objc; path = WBSettingViewController.m; sourceTree = "<group>"; };
		CEB79AD01A05285B00714531 /* WBLineChartView.h */ = {isa = PBXFileReference; fileEncoding = 4; lastKnownFileType = sourcecode.c.h; path = WBLineChartView.h; sourceTree = "<group>"; };
		CEB79AD11A05285B00714531 /* WBLineChartView.m */ = {isa = PBXFileReference; fileEncoding = 4; lastKnownFileType = sourcecode.c.objc; path = WBLineChartView.m; sourceTree = "<group>"; };
		CEB79AD21A05285B00714531 /* WBMainViewController.h */ = {isa = PBXFileReference; fileEncoding = 4; lastKnownFileType = sourcecode.c.h; path = WBMainViewController.h; sourceTree = "<group>"; };
		CEB79AD31A05285B00714531 /* WBMainViewController.m */ = {isa = PBXFileReference; fileEncoding = 4; lastKnownFileType = sourcecode.c.objc; path = WBMainViewController.m; sourceTree = "<group>"; };
		CEB79AD81A0528F300714531 /* WBMainView.h */ = {isa = PBXFileReference; fileEncoding = 4; lastKnownFileType = sourcecode.c.h; path = WBMainView.h; sourceTree = "<group>"; };
		CEB79AD91A0528F300714531 /* WBMainView.m */ = {isa = PBXFileReference; fileEncoding = 4; lastKnownFileType = sourcecode.c.objc; path = WBMainView.m; sourceTree = "<group>"; };
		CEB79ADB1A05374200714531 /* WBCircleView.h */ = {isa = PBXFileReference; fileEncoding = 4; lastKnownFileType = sourcecode.c.h; path = WBCircleView.h; sourceTree = "<group>"; };
		CEB79ADC1A05374200714531 /* WBCircleView.m */ = {isa = PBXFileReference; fileEncoding = 4; lastKnownFileType = sourcecode.c.objc; path = WBCircleView.m; sourceTree = "<group>"; };
		CEB79ADF1A053F7000714531 /* WristBand-Prefix.pch */ = {isa = PBXFileReference; fileEncoding = 4; lastKnownFileType = sourcecode.c.h; path = "WristBand-Prefix.pch"; sourceTree = "<group>"; };
		CEB79AE11A05D26E00714531 /* WBMacros.h */ = {isa = PBXFileReference; fileEncoding = 4; lastKnownFileType = sourcecode.c.h; path = WBMacros.h; sourceTree = "<group>"; };
		CEB79B1D1A05D35E00714531 /* UIDevice+WB.h */ = {isa = PBXFileReference; fileEncoding = 4; lastKnownFileType = sourcecode.c.h; path = "UIDevice+WB.h"; sourceTree = "<group>"; };
		CEB79B1E1A05D35E00714531 /* UIDevice+WB.m */ = {isa = PBXFileReference; fileEncoding = 4; lastKnownFileType = sourcecode.c.objc; path = "UIDevice+WB.m"; sourceTree = "<group>"; };
		CEB79B2C1A05D55700714531 /* WBCategory.h */ = {isa = PBXFileReference; fileEncoding = 4; lastKnownFileType = sourcecode.c.h; path = WBCategory.h; sourceTree = "<group>"; };
		CEB79B311A05DA8900714531 /* UIView+WB.h */ = {isa = PBXFileReference; fileEncoding = 4; lastKnownFileType = sourcecode.c.h; path = "UIView+WB.h"; sourceTree = "<group>"; };
		CEB79B321A05DA8900714531 /* UIView+WB.m */ = {isa = PBXFileReference; fileEncoding = 4; lastKnownFileType = sourcecode.c.objc; path = "UIView+WB.m"; sourceTree = "<group>"; };
		CEB79B3C1A05F92300714531 /* UIColor+WB.h */ = {isa = PBXFileReference; fileEncoding = 4; lastKnownFileType = sourcecode.c.h; path = "UIColor+WB.h"; sourceTree = "<group>"; };
		CEB79B3D1A05F92300714531 /* UIColor+WB.m */ = {isa = PBXFileReference; fileEncoding = 4; lastKnownFileType = sourcecode.c.objc; path = "UIColor+WB.m"; sourceTree = "<group>"; };
		CEB79B431A06046600714531 /* WBScoreDetailCell.h */ = {isa = PBXFileReference; fileEncoding = 4; lastKnownFileType = sourcecode.c.h; path = WBScoreDetailCell.h; sourceTree = "<group>"; };
		CEB79B441A06046600714531 /* WBScoreDetailCell.m */ = {isa = PBXFileReference; fileEncoding = 4; lastKnownFileType = sourcecode.c.objc; path = WBScoreDetailCell.m; sourceTree = "<group>"; };
		CEBC5C151A239F4B00FCFC0C /* NSDate+WB.h */ = {isa = PBXFileReference; fileEncoding = 4; lastKnownFileType = sourcecode.c.h; path = "NSDate+WB.h"; sourceTree = "<group>"; };
		CEBC5C161A239F4B00FCFC0C /* NSDate+WB.m */ = {isa = PBXFileReference; fileEncoding = 4; lastKnownFileType = sourcecode.c.objc; path = "NSDate+WB.m"; sourceTree = "<group>"; };
		CED1D14D1A2764B3002C66E9 /* WBDataOperation.h */ = {isa = PBXFileReference; fileEncoding = 4; lastKnownFileType = sourcecode.c.h; path = WBDataOperation.h; sourceTree = "<group>"; };
		CED1D14E1A2764B3002C66E9 /* WBDataOperation.m */ = {isa = PBXFileReference; fileEncoding = 4; lastKnownFileType = sourcecode.c.objc; path = WBDataOperation.m; sourceTree = "<group>"; };
		CED5267F1A1F885700016B4D /* WBHeartRateCell.h */ = {isa = PBXFileReference; fileEncoding = 4; lastKnownFileType = sourcecode.c.h; path = WBHeartRateCell.h; sourceTree = "<group>"; };
		CED526801A1F885700016B4D /* WBHeartRateCell.m */ = {isa = PBXFileReference; fileEncoding = 4; lastKnownFileType = sourcecode.c.objc; path = WBHeartRateCell.m; sourceTree = "<group>"; };
		CED526821A1F888800016B4D /* WBBreathRateCell.h */ = {isa = PBXFileReference; fileEncoding = 4; lastKnownFileType = sourcecode.c.h; path = WBBreathRateCell.h; sourceTree = "<group>"; };
		CED526831A1F888800016B4D /* WBBreathRateCell.m */ = {isa = PBXFileReference; fileEncoding = 4; lastKnownFileType = sourcecode.c.objc; path = WBBreathRateCell.m; sourceTree = "<group>"; };
		CEDBA15B1A236CA900A28AC4 /* NSString+WB.h */ = {isa = PBXFileReference; fileEncoding = 4; lastKnownFileType = sourcecode.c.h; path = "NSString+WB.h"; sourceTree = "<group>"; };
		CEDBA15C1A236CA900A28AC4 /* NSString+WB.m */ = {isa = PBXFileReference; fileEncoding = 4; lastKnownFileType = sourcecode.c.objc; path = "NSString+WB.m"; sourceTree = "<group>"; };
		CEDBA15E1A236DEA00A28AC4 /* WBDatabaseService.h */ = {isa = PBXFileReference; fileEncoding = 4; lastKnownFileType = sourcecode.c.h; path = WBDatabaseService.h; sourceTree = "<group>"; };
		CEDBA15F1A236DEB00A28AC4 /* WBDatabaseService.m */ = {isa = PBXFileReference; fileEncoding = 4; lastKnownFileType = sourcecode.c.objc; path = WBDatabaseService.m; sourceTree = "<group>"; };
		CEDBA16B1A236E9700A28AC4 /* WBEntityBase.h */ = {isa = PBXFileReference; fileEncoding = 4; lastKnownFileType = sourcecode.c.h; path = WBEntityBase.h; sourceTree = "<group>"; };
		CEDBA16C1A236E9700A28AC4 /* WBEntityBase.m */ = {isa = PBXFileReference; fileEncoding = 4; lastKnownFileType = sourcecode.c.objc; path = WBEntityBase.m; sourceTree = "<group>"; };
		CEDBA16E1A236F6200A28AC4 /* WBDatabaseTransaction.h */ = {isa = PBXFileReference; fileEncoding = 4; lastKnownFileType = sourcecode.c.h; path = WBDatabaseTransaction.h; sourceTree = "<group>"; };
		CEDBA16F1A236F6200A28AC4 /* WBDatabaseTransaction.m */ = {isa = PBXFileReference; fileEncoding = 4; lastKnownFileType = sourcecode.c.objc; path = WBDatabaseTransaction.m; sourceTree = "<group>"; };
		CEDBA1791A23709600A28AC4 /* WBDatabaseResultSet.h */ = {isa = PBXFileReference; fileEncoding = 4; lastKnownFileType = sourcecode.c.h; path = WBDatabaseResultSet.h; sourceTree = "<group>"; };
		CEDBA17A1A23709600A28AC4 /* WBDatabaseResultSet.m */ = {isa = PBXFileReference; fileEncoding = 4; lastKnownFileType = sourcecode.c.objc; path = WBDatabaseResultSet.m; sourceTree = "<group>"; };
		CEDBA1841A2370B900A28AC4 /* WBMutableSQLBuffer.h */ = {isa = PBXFileReference; fileEncoding = 4; lastKnownFileType = sourcecode.c.h; path = WBMutableSQLBuffer.h; sourceTree = "<group>"; };
		CEDBA1851A2370B900A28AC4 /* WBMutableSQLBuffer.m */ = {isa = PBXFileReference; fileEncoding = 4; lastKnownFileType = sourcecode.c.objc; path = WBMutableSQLBuffer.m; sourceTree = "<group>"; };
		CEDBA1861A2370B900A28AC4 /* WBSQLBuffer.h */ = {isa = PBXFileReference; fileEncoding = 4; lastKnownFileType = sourcecode.c.h; path = WBSQLBuffer.h; sourceTree = "<group>"; };
		CEDBA1871A2370B900A28AC4 /* WBSQLBuffer.m */ = {isa = PBXFileReference; fileEncoding = 4; lastKnownFileType = sourcecode.c.objc; path = WBSQLBuffer.m; sourceTree = "<group>"; };
		CEDBA18B1A23726B00A28AC4 /* WBPath.h */ = {isa = PBXFileReference; fileEncoding = 4; lastKnownFileType = sourcecode.c.h; path = WBPath.h; sourceTree = "<group>"; };
		CEDBA18C1A23726B00A28AC4 /* WBPath.m */ = {isa = PBXFileReference; fileEncoding = 4; lastKnownFileType = sourcecode.c.objc; path = WBPath.m; sourceTree = "<group>"; };
		CEDBA18F1A23748D00A28AC4 /* default.sql */ = {isa = PBXFileReference; fileEncoding = 4; lastKnownFileType = text; path = default.sql; sourceTree = "<group>"; };
		CEDBA1921A237FD200A28AC4 /* WBDatabaseLogicType.h */ = {isa = PBXFileReference; fileEncoding = 4; lastKnownFileType = sourcecode.c.h; path = WBDatabaseLogicType.h; sourceTree = "<group>"; };
		CEDBA1931A237FD200A28AC4 /* WBFMDatabase.h */ = {isa = PBXFileReference; fileEncoding = 4; lastKnownFileType = sourcecode.c.h; path = WBFMDatabase.h; sourceTree = "<group>"; };
		CEDBA1941A237FD200A28AC4 /* WBFMDatabase.m */ = {isa = PBXFileReference; fileEncoding = 4; lastKnownFileType = sourcecode.c.objc; path = WBFMDatabase.m; sourceTree = "<group>"; };
		D011C310E94C038EA5552F97 /* Pods-WristBand.debug.xcconfig */ = {isa = PBXFileReference; includeInIndex = 1; lastKnownFileType = text.xcconfig; name = "Pods-WristBand.debug.xcconfig"; path = "Pods/Target Support Files/Pods-WristBand/Pods-WristBand.debug.xcconfig"; sourceTree = "<group>"; };
		F46EBEA34800CB67344ACAE9 /* libPods-WristBand.a */ = {isa = PBXFileReference; explicitFileType = archive.ar; includeInIndex = 0; path = "libPods-WristBand.a"; sourceTree = BUILT_PRODUCTS_DIR; };
/* End PBXFileReference section */

/* Begin PBXFrameworksBuildPhase section */
		CEB79A741A051AAB00714531 /* Frameworks */ = {
			isa = PBXFrameworksBuildPhase;
			buildActionMask = 2147483647;
			files = (
				CEAA436C1A092E6D00EDBAF3 /* CoreBluetooth.framework in Frameworks */,
				CEAA436A1A092E6700EDBAF3 /* ExternalAccessory.framework in Frameworks */,
				FBACAE75B9070C53672BEEF6 /* libPods-WristBand.a in Frameworks */,
			);
			runOnlyForDeploymentPostprocessing = 0;
		};
		CEB79A8D1A051AAB00714531 /* Frameworks */ = {
			isa = PBXFrameworksBuildPhase;
			buildActionMask = 2147483647;
			files = (
			);
			runOnlyForDeploymentPostprocessing = 0;
		};
/* End PBXFrameworksBuildPhase section */

/* Begin PBXGroup section */
		451F2FD71A271377002BE9A5 /* Image */ = {
			isa = PBXGroup;
			children = (
				451F30401A271395002BE9A5 /* Images.xcassets */,
				451F2FD81A271377002BE9A5 /* button_background_image_day.png */,
				451F2FD91A271377002BE9A5 /* button_background_image_day@2x.png */,
				451F2FDA1A271377002BE9A5 /* button_background_image_day_act.png */,
				451F2FDB1A271377002BE9A5 /* button_background_image_day_act@2x.png */,
				451F2FDC1A271377002BE9A5 /* button_background_image_night.png */,
				451F2FDD1A271377002BE9A5 /* button_background_image_night@2x.png */,
				451F2FDE1A271377002BE9A5 /* center_image_default.png */,
				451F2FDF1A271377002BE9A5 /* center_image_default@2x.png */,
				451F2FE01A271377002BE9A5 /* center_image_pressed.png */,
				451F2FE11A271377002BE9A5 /* center_image_pressed@2x.png */,
				451F2FE21A271377002BE9A5 /* checkbox_smart_normal.png */,
				451F2FE31A271377002BE9A5 /* checkbox_smart_normal@2x.png */,
				451F2FE41A271377002BE9A5 /* checkbox_smart_normal_disabled.png */,
				451F2FE51A271377002BE9A5 /* checkbox_smart_normal_disabled@2x.png */,
				451F2FE61A271377002BE9A5 /* dark_navigation_bar.png */,
				451F2FE71A271377002BE9A5 /* dark_navigation_bar@2x.png */,
				451F2FE81A271377002BE9A5 /* Default-568h@2x.png */,
				451F2FE91A271377002BE9A5 /* Default@2x.png */,
				451F2FEA1A271377002BE9A5 /* icon_acount.png */,
				451F2FEB1A271377002BE9A5 /* icon_acount@2x.png */,
				451F2FEC1A271377002BE9A5 /* icon_acount_edit_acount.png */,
				451F2FED1A271377002BE9A5 /* icon_acount_edit_acount@2x.png */,
				451F2FEE1A271377002BE9A5 /* icon_arrow_right_white.png */,
				451F2FEF1A271377002BE9A5 /* icon_arrow_right_white@2x.png */,
				451F2FF01A271377002BE9A5 /* icon_average_respiration_rate.png */,
				451F2FF11A271377002BE9A5 /* icon_average_respiration_rate@2x.png */,
				451F2FF21A271377002BE9A5 /* icon_back.png */,
				451F2FF31A271377002BE9A5 /* icon_back@2x.png */,
				451F2FF41A271377002BE9A5 /* icon_heart_extreme.png */,
				451F2FF51A271377002BE9A5 /* icon_heart_extreme@2x.png */,
				451F2FF61A271377002BE9A5 /* icon_heart_wide.png */,
				451F2FF71A271377002BE9A5 /* icon_heart_wide@2x.png */,
				451F2FF81A271377002BE9A5 /* icon_idea.png */,
				451F2FF91A271377002BE9A5 /* icon_idea@2x.png */,
				451F2FFA1A271377002BE9A5 /* icon_measuring_spinner.png */,
				451F2FFB1A271377002BE9A5 /* icon_measuring_spinner@2x.png */,
				451F2FFC1A271377002BE9A5 /* icon_total_sleep_time.png */,
				451F2FFD1A271377002BE9A5 /* icon_total_sleep_time@2x.png */,
				451F2FFE1A271377002BE9A5 /* icon_user.png */,
				451F2FFF1A271377002BE9A5 /* icon_user@2x.png */,
				451F30001A271377002BE9A5 /* icon_x.png */,
				451F30011A271377002BE9A5 /* icon_x@2x.png */,
				451F30021A271377002BE9A5 /* score_breakdown.png */,
				451F30031A271377002BE9A5 /* score_breakdown@2x.png */,
				451F30041A271377002BE9A5 /* sleep_achievement_icon.png */,
				451F30051A271377002BE9A5 /* sleep_achievement_icon@2x.png */,
				451F30061A271377002BE9A5 /* timeline_40@2x.png */,
				451F30071A271377002BE9A5 /* timeline_60@2x.png */,
				451F30081A271377002BE9A5 /* tip_icon_fitness.png */,
				451F30091A271377002BE9A5 /* tip_icon_fitness@2x.png */,
				451F300A1A271377002BE9A5 /* tip_icon_sheep.png */,
				451F300B1A271377002BE9A5 /* tip_icon_sheep@2x.png */,
			);
			path = Image;
			sourceTree = "<group>";
		};
		C255A10EFF3D78A866985AE9 /* Pods */ = {
			isa = PBXGroup;
			children = (
				D011C310E94C038EA5552F97 /* Pods-WristBand.debug.xcconfig */,
				51713049B41943CF9271265A /* Pods-WristBand.release.xcconfig */,
			);
			name = Pods;
			sourceTree = "<group>";
		};
		CE4553E51A0F4E5400E417B7 /* WBUIKit */ = {
			isa = PBXGroup;
			children = (
				CE4553E91A0F5D7800E417B7 /* WBContainViewController.h */,
				CE4553EA1A0F5D7800E417B7 /* WBContainViewController.m */,
				CE4553E61A0F4E8200E417B7 /* WBHitTestView.h */,
				CE4553E71A0F4E8200E417B7 /* WBHitTestView.m */,
			);
			name = WBUIKit;
			path = WristBand/WBUIKit;
			sourceTree = "<group>";
		};
		CE6DCB6C1A12344900F49843 /* BLE */ = {
			isa = PBXGroup;
			children = (
				CE6DCB6D1A124BD400F49843 /* BLE.h */,
				CE6DCB6E1A124BD400F49843 /* BLE.m */,
				CE6DCB6F1A124BD400F49843 /* BLEDefines.h */,
			);
			name = BLE;
			path = WristBand/BLE;
			sourceTree = "<group>";
		};
		CEAA43341A07C95B00EDBAF3 /* Improvement */ = {
			isa = PBXGroup;
			children = (
				CEAA43351A07C99900EDBAF3 /* WBImprovementViewController.h */,
				CEAA43361A07C99900EDBAF3 /* WBImprovementViewController.m */,
			);
			path = Improvement;
			sourceTree = "<group>";
		};
		CEAA436D1A09318A00EDBAF3 /* Frameworks */ = {
			isa = PBXGroup;
			children = (
				CEAA436B1A092E6D00EDBAF3 /* CoreBluetooth.framework */,
				CEAA43691A092E6700EDBAF3 /* ExternalAccessory.framework */,
				F46EBEA34800CB67344ACAE9 /* libPods-WristBand.a */,
			);
			name = Frameworks;
			sourceTree = "<group>";
		};
		CEB79A6E1A051AAB00714531 = {
			isa = PBXGroup;
			children = (
				CEB79AAB1A051D9900714531 /* Resource */,
				CEB79AE01A05D22D00714531 /* Common */,
				CEB79B1C1A05D2FC00714531 /* Category */,
				CEB79AC71A05247D00714531 /* BusinessEntity */,
				CED13A071A2369F000A121AF /* DB */,
				CE4553E51A0F4E5400E417B7 /* WBUIKit */,
				CE6DCB6C1A12344900F49843 /* BLE */,
				CED1D14C1A276490002C66E9 /* WBDataOperation */,
				CEB79A791A051AAB00714531 /* WristBand */,
				CEB79A931A051AAB00714531 /* WristBandTests */,
				CEAA436D1A09318A00EDBAF3 /* Frameworks */,
				CEB79A781A051AAB00714531 /* Products */,
				C255A10EFF3D78A866985AE9 /* Pods */,
			);
			sourceTree = "<group>";
		};
		CEB79A781A051AAB00714531 /* Products */ = {
			isa = PBXGroup;
			children = (
				CEB79A771A051AAB00714531 /* WristBand.app */,
				CEB79A901A051AAB00714531 /* WristBandTests.xctest */,
			);
			name = Products;
			sourceTree = "<group>";
		};
		CEB79A791A051AAB00714531 /* WristBand */ = {
			isa = PBXGroup;
			children = (
				CEB79A7E1A051AAB00714531 /* AppDelegate.h */,
				CEB79A7F1A051AAB00714531 /* AppDelegate.m */,
				CEB79ACF1A05285B00714531 /* Main */,
				CEB79ACB1A0527E300714531 /* Setting */,
				CEAA43341A07C95B00EDBAF3 /* Improvement */,
				CEB79A7A1A051AAB00714531 /* Supporting Files */,
			);
			path = WristBand;
			sourceTree = "<group>";
		};
		CEB79A7A1A051AAB00714531 /* Supporting Files */ = {
			isa = PBXGroup;
			children = (
				CEB79A7B1A051AAB00714531 /* Info.plist */,
				CEB79A7C1A051AAB00714531 /* main.m */,
				CEB79ADF1A053F7000714531 /* WristBand-Prefix.pch */,
			);
			name = "Supporting Files";
			sourceTree = "<group>";
		};
		CEB79A931A051AAB00714531 /* WristBandTests */ = {
			isa = PBXGroup;
			children = (
				CEB79A961A051AAB00714531 /* WristBandTests.m */,
				CEB79A941A051AAB00714531 /* Supporting Files */,
			);
			path = WristBandTests;
			sourceTree = "<group>";
		};
		CEB79A941A051AAB00714531 /* Supporting Files */ = {
			isa = PBXGroup;
			children = (
				CEB79A951A051AAB00714531 /* Info.plist */,
			);
			name = "Supporting Files";
			sourceTree = "<group>";
		};
		CEB79AAB1A051D9900714531 /* Resource */ = {
			isa = PBXGroup;
			children = (
				451F30421A2713A3002BE9A5 /* test.rtf */,
				451F2FD71A271377002BE9A5 /* Image */,
			);
			name = Resource;
			path = WristBand/Resource;
			sourceTree = "<group>";
		};
		CEB79AC71A05247D00714531 /* BusinessEntity */ = {
			isa = PBXGroup;
			children = (
				CE4553EC1A0F67ED00E417B7 /* WBSleepInfo.h */,
				CE4553ED1A0F67ED00E417B7 /* WBSleepInfo.m */,
				CEB79AC81A05249200714531 /* WBSleepPoint.h */,
				CEB79AC91A05249200714531 /* WBSleepPoint.m */,
				CE4553EF1A0F68E800E417B7 /* WBSleepScore.h */,
				CE4553F01A0F68E800E417B7 /* WBSleepScore.m */,
			);
			name = BusinessEntity;
			path = WristBand/BusinessEntity;
			sourceTree = "<group>";
		};
		CEB79ACB1A0527E300714531 /* Setting */ = {
			isa = PBXGroup;
			children = (
				CEB79ACC1A0527E300714531 /* WBSettingViewController.h */,
				CEB79ACD1A0527E300714531 /* WBSettingViewController.m */,
				CEAA43441A07DAAA00EDBAF3 /* WBSettingPersonalInfoCell.h */,
				CEAA43451A07DAAA00EDBAF3 /* WBSettingPersonalInfoCell.m */,
				CEAA43471A07DACA00EDBAF3 /* WBSettingSleepGoalCell.h */,
				CEAA43481A07DACA00EDBAF3 /* WBSettingSleepGoalCell.m */,
				CEAA434A1A07DAEE00EDBAF3 /* WBSettingSleepTipsCell.h */,
				CEAA434B1A07DAEE00EDBAF3 /* WBSettingSleepTipsCell.m */,
				CEAA434D1A07DB0A00EDBAF3 /* WBSettingVersionCell.h */,
				CEAA434E1A07DB0A00EDBAF3 /* WBSettingVersionCell.m */,
				CEAA43581A0914FB00EDBAF3 /* WBPersonalInfoViewController.h */,
				CEAA43591A0914FB00EDBAF3 /* WBPersonalInfoViewController.m */,
			);
			path = Setting;
			sourceTree = "<group>";
		};
		CEB79ACF1A05285B00714531 /* Main */ = {
			isa = PBXGroup;
			children = (
				CEB79AD21A05285B00714531 /* WBMainViewController.h */,
				CEB79AD31A05285B00714531 /* WBMainViewController.m */,
				CEB79AD81A0528F300714531 /* WBMainView.h */,
				CEB79AD91A0528F300714531 /* WBMainView.m */,
				CEB79ADB1A05374200714531 /* WBCircleView.h */,
				CEB79ADC1A05374200714531 /* WBCircleView.m */,
				CEB79AD01A05285B00714531 /* WBLineChartView.h */,
				CEB79AD11A05285B00714531 /* WBLineChartView.m */,
				CEAA435B1A09185700EDBAF3 /* WBConnectDeviceView.h */,
				CEAA435C1A09185700EDBAF3 /* WBConnectDeviceView.m */,
				CEAA435E1A09188400EDBAF3 /* WBMeasuringView.h */,
				CEAA435F1A09188400EDBAF3 /* WBMeasuringView.m */,
				CEB79B421A06044500714531 /* Cells */,
			);
			path = Main;
			sourceTree = "<group>";
		};
		CEB79AE01A05D22D00714531 /* Common */ = {
			isa = PBXGroup;
			children = (
				CEB79AE11A05D26E00714531 /* WBMacros.h */,
				CE6DCB721A124EAB00F49843 /* WBSingleton.h */,
				CEDBA18B1A23726B00A28AC4 /* WBPath.h */,
				CEDBA18C1A23726B00A28AC4 /* WBPath.m */,
			);
			name = Common;
			path = WristBand/Common;
			sourceTree = "<group>";
		};
		CEB79B1C1A05D2FC00714531 /* Category */ = {
			isa = PBXGroup;
			children = (
				CEB79B2C1A05D55700714531 /* WBCategory.h */,
				CEB79B1D1A05D35E00714531 /* UIDevice+WB.h */,
				CEB79B1E1A05D35E00714531 /* UIDevice+WB.m */,
				CEB79B311A05DA8900714531 /* UIView+WB.h */,
				CEB79B321A05DA8900714531 /* UIView+WB.m */,
				CEB79B3C1A05F92300714531 /* UIColor+WB.h */,
				CEB79B3D1A05F92300714531 /* UIColor+WB.m */,
				CE52184D1A0F3B4500650FB1 /* UIViewController+Container.h */,
				CE52184E1A0F3B4500650FB1 /* UIViewController+Container.m */,
				45B75E6C1A11F1D0001AF044 /* UINavigationBar+WB.h */,
				45B75E6D1A11F1D0001AF044 /* UINavigationBar+WB.m */,
				CEDBA15B1A236CA900A28AC4 /* NSString+WB.h */,
				CEDBA15C1A236CA900A28AC4 /* NSString+WB.m */,
				CEBC5C151A239F4B00FCFC0C /* NSDate+WB.h */,
				CEBC5C161A239F4B00FCFC0C /* NSDate+WB.m */,
			);
			name = Category;
			path = WristBand/Category;
			sourceTree = "<group>";
		};
		CEB79B421A06044500714531 /* Cells */ = {
			isa = PBXGroup;
			children = (
				CE6DCB691A10EDF600F49843 /* WBCollectionViewCell.h */,
				CE6DCB6A1A10EDF600F49843 /* WBCollectionViewCell.m */,
				CE4553F21A0F721C00E417B7 /* WBBaseCell.h */,
				CE4553F31A0F721C00E417B7 /* WBBaseCell.m */,
				CEB79B431A06046600714531 /* WBScoreDetailCell.h */,
				CEB79B441A06046600714531 /* WBScoreDetailCell.m */,
				CE5414221A061B920013A450 /* WBImprovementIdeaCell.h */,
				CE5414231A061B920013A450 /* WBImprovementIdeaCell.m */,
				CE5414351A0624010013A450 /* WBTotalSleepTimeCell.h */,
				CE5414361A0624010013A450 /* WBTotalSleepTimeCell.m */,
				CED5267F1A1F885700016B4D /* WBHeartRateCell.h */,
				CED526801A1F885700016B4D /* WBHeartRateCell.m */,
				CED526821A1F888800016B4D /* WBBreathRateCell.h */,
				CED526831A1F888800016B4D /* WBBreathRateCell.m */,
			);
			path = Cells;
			sourceTree = "<group>";
		};
		CED13A071A2369F000A121AF /* DB */ = {
			isa = PBXGroup;
			children = (
				CEDBA1911A237FAE00A28AC4 /* Common */,
				CEDBA18E1A2373CB00A28AC4 /* Sql */,
				CEDBA16A1A236E8A00A28AC4 /* Entity */,
				CEDBA1831A2370B900A28AC4 /* SQLBuffer */,
				CEDBA1781A23709600A28AC4 /* ResultSet */,
				CEDBA16E1A236F6200A28AC4 /* WBDatabaseTransaction.h */,
				CEDBA16F1A236F6200A28AC4 /* WBDatabaseTransaction.m */,
				CEDBA15E1A236DEA00A28AC4 /* WBDatabaseService.h */,
				CEDBA15F1A236DEB00A28AC4 /* WBDatabaseService.m */,
			);
			name = DB;
			path = WristBand/DB;
			sourceTree = "<group>";
		};
		CED1D14C1A276490002C66E9 /* WBDataOperation */ = {
			isa = PBXGroup;
			children = (
				CED1D14D1A2764B3002C66E9 /* WBDataOperation.h */,
				CED1D14E1A2764B3002C66E9 /* WBDataOperation.m */,
			);
			name = WBDataOperation;
			path = WristBand/WBDataOperation;
			sourceTree = "<group>";
		};
		CEDBA16A1A236E8A00A28AC4 /* Entity */ = {
			isa = PBXGroup;
			children = (
				CEDBA16B1A236E9700A28AC4 /* WBEntityBase.h */,
				CEDBA16C1A236E9700A28AC4 /* WBEntityBase.m */,
			);
			path = Entity;
			sourceTree = "<group>";
		};
		CEDBA1781A23709600A28AC4 /* ResultSet */ = {
			isa = PBXGroup;
			children = (
				CEDBA1791A23709600A28AC4 /* WBDatabaseResultSet.h */,
				CEDBA17A1A23709600A28AC4 /* WBDatabaseResultSet.m */,
			);
			path = ResultSet;
			sourceTree = "<group>";
		};
		CEDBA1831A2370B900A28AC4 /* SQLBuffer */ = {
			isa = PBXGroup;
			children = (
				CEDBA1841A2370B900A28AC4 /* WBMutableSQLBuffer.h */,
				CEDBA1851A2370B900A28AC4 /* WBMutableSQLBuffer.m */,
				CEDBA1861A2370B900A28AC4 /* WBSQLBuffer.h */,
				CEDBA1871A2370B900A28AC4 /* WBSQLBuffer.m */,
			);
			path = SQLBuffer;
			sourceTree = "<group>";
		};
		CEDBA18E1A2373CB00A28AC4 /* Sql */ = {
			isa = PBXGroup;
			children = (
				CEDBA18F1A23748D00A28AC4 /* default.sql */,
			);
			path = Sql;
			sourceTree = "<group>";
		};
		CEDBA1911A237FAE00A28AC4 /* Common */ = {
			isa = PBXGroup;
			children = (
				CEDBA1921A237FD200A28AC4 /* WBDatabaseLogicType.h */,
				CEDBA1931A237FD200A28AC4 /* WBFMDatabase.h */,
				CEDBA1941A237FD200A28AC4 /* WBFMDatabase.m */,
			);
			path = Common;
			sourceTree = "<group>";
		};
/* End PBXGroup section */

/* Begin PBXNativeTarget section */
		CEB79A761A051AAB00714531 /* WristBand */ = {
			isa = PBXNativeTarget;
			buildConfigurationList = CEB79A9A1A051AAB00714531 /* Build configuration list for PBXNativeTarget "WristBand" */;
			buildPhases = (
				0E1C68D0958AA0C2613C803E /* Check Pods Manifest.lock */,
				CEB79A731A051AAB00714531 /* Sources */,
				CEB79A741A051AAB00714531 /* Frameworks */,
				CEB79A751A051AAB00714531 /* Resources */,
				58BC54B8F6729463107C2CE9 /* Copy Pods Resources */,
			);
			buildRules = (
			);
			dependencies = (
			);
			name = WristBand;
			productName = WristBand;
			productReference = CEB79A771A051AAB00714531 /* WristBand.app */;
			productType = "com.apple.product-type.application";
		};
		CEB79A8F1A051AAB00714531 /* WristBandTests */ = {
			isa = PBXNativeTarget;
			buildConfigurationList = CEB79A9D1A051AAB00714531 /* Build configuration list for PBXNativeTarget "WristBandTests" */;
			buildPhases = (
				CEB79A8C1A051AAB00714531 /* Sources */,
				CEB79A8D1A051AAB00714531 /* Frameworks */,
				CEB79A8E1A051AAB00714531 /* Resources */,
			);
			buildRules = (
			);
			dependencies = (
				CEB79A921A051AAB00714531 /* PBXTargetDependency */,
			);
			name = WristBandTests;
			productName = WristBandTests;
			productReference = CEB79A901A051AAB00714531 /* WristBandTests.xctest */;
			productType = "com.apple.product-type.bundle.unit-test";
		};
/* End PBXNativeTarget section */

/* Begin PBXProject section */
		CEB79A6F1A051AAB00714531 /* Project object */ = {
			isa = PBXProject;
			attributes = {
				LastUpgradeCheck = 0610;
				ORGANIZATIONNAME = WB;
				TargetAttributes = {
					CEB79A761A051AAB00714531 = {
						CreatedOnToolsVersion = 6.1;
						SystemCapabilities = {
							com.apple.BackgroundModes = {
								enabled = 1;
							};
						};
					};
					CEB79A8F1A051AAB00714531 = {
						CreatedOnToolsVersion = 6.1;
						TestTargetID = CEB79A761A051AAB00714531;
					};
				};
			};
			buildConfigurationList = CEB79A721A051AAB00714531 /* Build configuration list for PBXProject "WristBand" */;
			compatibilityVersion = "Xcode 3.2";
			developmentRegion = English;
			hasScannedForEncodings = 0;
			knownRegions = (
				en,
				Base,
			);
			mainGroup = CEB79A6E1A051AAB00714531;
			productRefGroup = CEB79A781A051AAB00714531 /* Products */;
			projectDirPath = "";
			projectRoot = "";
			targets = (
				CEB79A761A051AAB00714531 /* WristBand */,
				CEB79A8F1A051AAB00714531 /* WristBandTests */,
			);
		};
/* End PBXProject section */

/* Begin PBXResourcesBuildPhase section */
		CEB79A751A051AAB00714531 /* Resources */ = {
			isa = PBXResourcesBuildPhase;
			buildActionMask = 2147483647;
			files = (
				451F30331A271377002BE9A5 /* icon_user@2x.png in Resources */,
				451F301E1A271377002BE9A5 /* icon_acount.png in Resources */,
				451F303C1A271377002BE9A5 /* tip_icon_fitness.png in Resources */,
				451F30391A271377002BE9A5 /* sleep_achievement_icon@2x.png in Resources */,
				451F30251A271377002BE9A5 /* icon_average_respiration_rate@2x.png in Resources */,
				451F30321A271377002BE9A5 /* icon_user.png in Resources */,
				451F300D1A271377002BE9A5 /* button_background_image_day@2x.png in Resources */,
				451F303D1A271377002BE9A5 /* tip_icon_fitness@2x.png in Resources */,
				451F30171A271377002BE9A5 /* checkbox_smart_normal@2x.png in Resources */,
				451F30411A271395002BE9A5 /* Images.xcassets in Resources */,
				451F30341A271377002BE9A5 /* icon_x.png in Resources */,
				451F30181A271377002BE9A5 /* checkbox_smart_normal_disabled.png in Resources */,
				451F30371A271377002BE9A5 /* score_breakdown@2x.png in Resources */,
				451F30161A271377002BE9A5 /* checkbox_smart_normal.png in Resources */,
				451F302A1A271377002BE9A5 /* icon_heart_wide.png in Resources */,
				451F302D1A271377002BE9A5 /* icon_idea@2x.png in Resources */,
				451F30101A271377002BE9A5 /* button_background_image_night.png in Resources */,
				451F301A1A271377002BE9A5 /* dark_navigation_bar.png in Resources */,
				451F30301A271377002BE9A5 /* icon_total_sleep_time.png in Resources */,
				451F30141A271377002BE9A5 /* center_image_pressed.png in Resources */,
				451F301B1A271377002BE9A5 /* dark_navigation_bar@2x.png in Resources */,
				451F303F1A271377002BE9A5 /* tip_icon_sheep@2x.png in Resources */,
				451F30361A271377002BE9A5 /* score_breakdown.png in Resources */,
				451F30291A271377002BE9A5 /* icon_heart_extreme@2x.png in Resources */,
				451F30351A271377002BE9A5 /* icon_x@2x.png in Resources */,
				451F300F1A271377002BE9A5 /* button_background_image_day_act@2x.png in Resources */,
				451F303A1A271377002BE9A5 /* timeline_40@2x.png in Resources */,
				451F30281A271377002BE9A5 /* icon_heart_extreme.png in Resources */,
				451F30201A271377002BE9A5 /* icon_acount_edit_acount.png in Resources */,
				451F30221A271377002BE9A5 /* icon_arrow_right_white.png in Resources */,
				451F30271A271377002BE9A5 /* icon_back@2x.png in Resources */,
				451F30261A271377002BE9A5 /* icon_back.png in Resources */,
				451F302B1A271377002BE9A5 /* icon_heart_wide@2x.png in Resources */,
				451F300E1A271377002BE9A5 /* button_background_image_day_act.png in Resources */,
				451F30131A271377002BE9A5 /* center_image_default@2x.png in Resources */,
				451F302F1A271377002BE9A5 /* icon_measuring_spinner@2x.png in Resources */,
				451F30381A271377002BE9A5 /* sleep_achievement_icon.png in Resources */,
				451F301D1A271377002BE9A5 /* Default@2x.png in Resources */,
				451F301C1A271377002BE9A5 /* Default-568h@2x.png in Resources */,
				451F302C1A271377002BE9A5 /* icon_idea.png in Resources */,
				451F30121A271377002BE9A5 /* center_image_default.png in Resources */,
				451F30231A271377002BE9A5 /* icon_arrow_right_white@2x.png in Resources */,
				451F30151A271377002BE9A5 /* center_image_pressed@2x.png in Resources */,
				451F301F1A271377002BE9A5 /* icon_acount@2x.png in Resources */,
				451F30211A271377002BE9A5 /* icon_acount_edit_acount@2x.png in Resources */,
				451F30241A271377002BE9A5 /* icon_average_respiration_rate.png in Resources */,
				451F303B1A271377002BE9A5 /* timeline_60@2x.png in Resources */,
				451F300C1A271377002BE9A5 /* button_background_image_day.png in Resources */,
				451F30311A271377002BE9A5 /* icon_total_sleep_time@2x.png in Resources */,
				CEDBA1901A23748D00A28AC4 /* default.sql in Resources */,
				451F30191A271377002BE9A5 /* checkbox_smart_normal_disabled@2x.png in Resources */,
				451F303E1A271377002BE9A5 /* tip_icon_sheep.png in Resources */,
				451F30111A271377002BE9A5 /* button_background_image_night@2x.png in Resources */,
				451F302E1A271377002BE9A5 /* icon_measuring_spinner.png in Resources */,
				451F30431A2713A3002BE9A5 /* test.rtf in Resources */,
			);
			runOnlyForDeploymentPostprocessing = 0;
		};
		CEB79A8E1A051AAB00714531 /* Resources */ = {
			isa = PBXResourcesBuildPhase;
			buildActionMask = 2147483647;
			files = (
			);
			runOnlyForDeploymentPostprocessing = 0;
		};
/* End PBXResourcesBuildPhase section */

/* Begin PBXShellScriptBuildPhase section */
		0E1C68D0958AA0C2613C803E /* Check Pods Manifest.lock */ = {
			isa = PBXShellScriptBuildPhase;
			buildActionMask = 2147483647;
			files = (
			);
			inputPaths = (
			);
			name = "Check Pods Manifest.lock";
			outputPaths = (
			);
			runOnlyForDeploymentPostprocessing = 0;
			shellPath = /bin/sh;
			shellScript = "diff \"${PODS_ROOT}/../Podfile.lock\" \"${PODS_ROOT}/Manifest.lock\" > /dev/null\nif [[ $? != 0 ]] ; then\n    cat << EOM\nerror: The sandbox is not in sync with the Podfile.lock. Run 'pod install' or update your CocoaPods installation.\nEOM\n    exit 1\nfi\n";
			showEnvVarsInLog = 0;
		};
		58BC54B8F6729463107C2CE9 /* Copy Pods Resources */ = {
			isa = PBXShellScriptBuildPhase;
			buildActionMask = 2147483647;
			files = (
			);
			inputPaths = (
			);
			name = "Copy Pods Resources";
			outputPaths = (
			);
			runOnlyForDeploymentPostprocessing = 0;
			shellPath = /bin/sh;
			shellScript = "\"${SRCROOT}/Pods/Target Support Files/Pods-WristBand/Pods-WristBand-resources.sh\"\n";
			showEnvVarsInLog = 0;
		};
/* End PBXShellScriptBuildPhase section */

/* Begin PBXSourcesBuildPhase section */
		CEB79A731A051AAB00714531 /* Sources */ = {
			isa = PBXSourcesBuildPhase;
			buildActionMask = 2147483647;
			files = (
				CE6DCB6B1A10EDF600F49843 /* WBCollectionViewCell.m in Sources */,
				CEAA43371A07C99900EDBAF3 /* WBImprovementViewController.m in Sources */,
				CE4553E81A0F4E8200E417B7 /* WBHitTestView.m in Sources */,
				CEB79B3E1A05F92300714531 /* UIColor+WB.m in Sources */,
				CEB79A801A051AAB00714531 /* AppDelegate.m in Sources */,
				CE4553F11A0F68E800E417B7 /* WBSleepScore.m in Sources */,
				CEAA434C1A07DAEE00EDBAF3 /* WBSettingSleepTipsCell.m in Sources */,
				CEDBA1881A2370B900A28AC4 /* WBMutableSQLBuffer.m in Sources */,
				CEDBA1801A23709600A28AC4 /* WBDatabaseResultSet.m in Sources */,
				CE52184F1A0F3B4500650FB1 /* UIViewController+Container.m in Sources */,
				CEDBA1701A236F6200A28AC4 /* WBDatabaseTransaction.m in Sources */,
				CE4553EE1A0F67ED00E417B7 /* WBSleepInfo.m in Sources */,
				CE5414241A061B920013A450 /* WBImprovementIdeaCell.m in Sources */,
				CEAA43601A09188400EDBAF3 /* WBMeasuringView.m in Sources */,
				CEAA43491A07DACA00EDBAF3 /* WBSettingSleepGoalCell.m in Sources */,
				CEDBA1891A2370B900A28AC4 /* WBSQLBuffer.m in Sources */,
				CEB79B451A06046600714531 /* WBScoreDetailCell.m in Sources */,
				CEB79B331A05DA8900714531 /* UIView+WB.m in Sources */,
				CEB79ADD1A05374200714531 /* WBCircleView.m in Sources */,
				CEAA435A1A0914FB00EDBAF3 /* WBPersonalInfoViewController.m in Sources */,
				CEAA435D1A09185700EDBAF3 /* WBConnectDeviceView.m in Sources */,
				CED526841A1F888800016B4D /* WBBreathRateCell.m in Sources */,
				CEB79AD41A05285B00714531 /* WBLineChartView.m in Sources */,
				CEBC5C171A239F4B00FCFC0C /* NSDate+WB.m in Sources */,
				CEDBA15D1A236CA900A28AC4 /* NSString+WB.m in Sources */,
				CEDBA1951A237FD200A28AC4 /* WBFMDatabase.m in Sources */,
				CEDBA16D1A236E9700A28AC4 /* WBEntityBase.m in Sources */,
				CEB79ACE1A0527E300714531 /* WBSettingViewController.m in Sources */,
				CE5414371A0624010013A450 /* WBTotalSleepTimeCell.m in Sources */,
				CE4553F41A0F721C00E417B7 /* WBBaseCell.m in Sources */,
				CEDBA1601A236DEB00A28AC4 /* WBDatabaseService.m in Sources */,
				CEDBA18D1A23726B00A28AC4 /* WBPath.m in Sources */,
				CED1D14F1A2764B3002C66E9 /* WBDataOperation.m in Sources */,
				CE6DCB701A124BD400F49843 /* BLE.m in Sources */,
				CEB79AD51A05285B00714531 /* WBMainViewController.m in Sources */,
				CEB79B1F1A05D35E00714531 /* UIDevice+WB.m in Sources */,
				CEB79ADA1A0528F300714531 /* WBMainView.m in Sources */,
				CEB79ACA1A05249200714531 /* WBSleepPoint.m in Sources */,
				45B75E6E1A11F1D0001AF044 /* UINavigationBar+WB.m in Sources */,
				CEAA43461A07DAAA00EDBAF3 /* WBSettingPersonalInfoCell.m in Sources */,
				CEAA434F1A07DB0A00EDBAF3 /* WBSettingVersionCell.m in Sources */,
				CE4553EB1A0F5D7800E417B7 /* WBContainViewController.m in Sources */,
				CEB79A7D1A051AAB00714531 /* main.m in Sources */,
				CED526811A1F885700016B4D /* WBHeartRateCell.m in Sources */,
			);
			runOnlyForDeploymentPostprocessing = 0;
		};
		CEB79A8C1A051AAB00714531 /* Sources */ = {
			isa = PBXSourcesBuildPhase;
			buildActionMask = 2147483647;
			files = (
				CEB79A971A051AAB00714531 /* WristBandTests.m in Sources */,
			);
			runOnlyForDeploymentPostprocessing = 0;
		};
/* End PBXSourcesBuildPhase section */

/* Begin PBXTargetDependency section */
		CEB79A921A051AAB00714531 /* PBXTargetDependency */ = {
			isa = PBXTargetDependency;
			target = CEB79A761A051AAB00714531 /* WristBand */;
			targetProxy = CEB79A911A051AAB00714531 /* PBXContainerItemProxy */;
		};
/* End PBXTargetDependency section */

/* Begin XCBuildConfiguration section */
		CEB79A981A051AAB00714531 /* Debug */ = {
			isa = XCBuildConfiguration;
			buildSettings = {
				ALWAYS_SEARCH_USER_PATHS = NO;
				CLANG_CXX_LANGUAGE_STANDARD = "gnu++0x";
				CLANG_CXX_LIBRARY = "libc++";
				CLANG_ENABLE_MODULES = YES;
				CLANG_ENABLE_OBJC_ARC = YES;
				CLANG_WARN_BOOL_CONVERSION = YES;
				CLANG_WARN_CONSTANT_CONVERSION = YES;
				CLANG_WARN_DIRECT_OBJC_ISA_USAGE = YES_ERROR;
				CLANG_WARN_EMPTY_BODY = YES;
				CLANG_WARN_ENUM_CONVERSION = YES;
				CLANG_WARN_INT_CONVERSION = YES;
				CLANG_WARN_OBJC_ROOT_CLASS = YES_ERROR;
				CLANG_WARN_UNREACHABLE_CODE = YES;
				CLANG_WARN__DUPLICATE_METHOD_MATCH = YES;
				"CODE_SIGN_IDENTITY[sdk=iphoneos*]" = "iPhone Developer";
				COPY_PHASE_STRIP = NO;
				ENABLE_STRICT_OBJC_MSGSEND = YES;
				GCC_C_LANGUAGE_STANDARD = gnu99;
				GCC_DYNAMIC_NO_PIC = NO;
				GCC_OPTIMIZATION_LEVEL = 0;
				GCC_PREPROCESSOR_DEFINITIONS = (
					"DEBUG=1",
					"$(inherited)",
				);
				GCC_SYMBOLS_PRIVATE_EXTERN = NO;
				GCC_WARN_64_TO_32_BIT_CONVERSION = YES;
				GCC_WARN_ABOUT_RETURN_TYPE = YES_ERROR;
				GCC_WARN_UNDECLARED_SELECTOR = YES;
				GCC_WARN_UNINITIALIZED_AUTOS = YES_AGGRESSIVE;
				GCC_WARN_UNUSED_FUNCTION = YES;
				GCC_WARN_UNUSED_VARIABLE = YES;
				IPHONEOS_DEPLOYMENT_TARGET = 8.1;
				MTL_ENABLE_DEBUG_INFO = YES;
				ONLY_ACTIVE_ARCH = YES;
				SDKROOT = iphoneos;
			};
			name = Debug;
		};
		CEB79A991A051AAB00714531 /* Release */ = {
			isa = XCBuildConfiguration;
			buildSettings = {
				ALWAYS_SEARCH_USER_PATHS = NO;
				CLANG_CXX_LANGUAGE_STANDARD = "gnu++0x";
				CLANG_CXX_LIBRARY = "libc++";
				CLANG_ENABLE_MODULES = YES;
				CLANG_ENABLE_OBJC_ARC = YES;
				CLANG_WARN_BOOL_CONVERSION = YES;
				CLANG_WARN_CONSTANT_CONVERSION = YES;
				CLANG_WARN_DIRECT_OBJC_ISA_USAGE = YES_ERROR;
				CLANG_WARN_EMPTY_BODY = YES;
				CLANG_WARN_ENUM_CONVERSION = YES;
				CLANG_WARN_INT_CONVERSION = YES;
				CLANG_WARN_OBJC_ROOT_CLASS = YES_ERROR;
				CLANG_WARN_UNREACHABLE_CODE = YES;
				CLANG_WARN__DUPLICATE_METHOD_MATCH = YES;
				"CODE_SIGN_IDENTITY[sdk=iphoneos*]" = "iPhone Developer";
				COPY_PHASE_STRIP = YES;
				ENABLE_NS_ASSERTIONS = NO;
				ENABLE_STRICT_OBJC_MSGSEND = YES;
				GCC_C_LANGUAGE_STANDARD = gnu99;
				GCC_WARN_64_TO_32_BIT_CONVERSION = YES;
				GCC_WARN_ABOUT_RETURN_TYPE = YES_ERROR;
				GCC_WARN_UNDECLARED_SELECTOR = YES;
				GCC_WARN_UNINITIALIZED_AUTOS = YES_AGGRESSIVE;
				GCC_WARN_UNUSED_FUNCTION = YES;
				GCC_WARN_UNUSED_VARIABLE = YES;
				IPHONEOS_DEPLOYMENT_TARGET = 8.1;
				MTL_ENABLE_DEBUG_INFO = NO;
				SDKROOT = iphoneos;
				VALIDATE_PRODUCT = YES;
			};
			name = Release;
		};
		CEB79A9B1A051AAB00714531 /* Debug */ = {
			isa = XCBuildConfiguration;
			baseConfigurationReference = D011C310E94C038EA5552F97 /* Pods-WristBand.debug.xcconfig */;
			buildSettings = {
				ASSETCATALOG_COMPILER_APPICON_NAME = AppIcon;
				CODE_SIGN_IDENTITY = "iPhone Developer: LAP WA NGAI (BGM9PW4869)";
				"CODE_SIGN_IDENTITY[sdk=iphoneos*]" = "iPhone Developer: LAP WA NGAI (BGM9PW4869)";
				GCC_PREFIX_HEADER = "WristBand/WristBand-Prefix.pch";
				INFOPLIST_FILE = WristBand/Info.plist;
				IPHONEOS_DEPLOYMENT_TARGET = 7.0;
				LD_RUNPATH_SEARCH_PATHS = "$(inherited) @executable_path/Frameworks";
				PRODUCT_NAME = "$(TARGET_NAME)";
				PROVISIONING_PROFILE = "4707235f-d335-4a3e-b34d-cf06c5cc86c6";
			};
			name = Debug;
		};
		CEB79A9C1A051AAB00714531 /* Release */ = {
			isa = XCBuildConfiguration;
			baseConfigurationReference = 51713049B41943CF9271265A /* Pods-WristBand.release.xcconfig */;
			buildSettings = {
				ASSETCATALOG_COMPILER_APPICON_NAME = AppIcon;
				CODE_SIGN_IDENTITY = "iPhone Developer: LAP WA NGAI (BGM9PW4869)";
				GCC_PREFIX_HEADER = "WristBand/WristBand-Prefix.pch";
				INFOPLIST_FILE = WristBand/Info.plist;
				IPHONEOS_DEPLOYMENT_TARGET = 7.0;
				LD_RUNPATH_SEARCH_PATHS = "$(inherited) @executable_path/Frameworks";
				PRODUCT_NAME = "$(TARGET_NAME)";
				PROVISIONING_PROFILE = "4707235f-d335-4a3e-b34d-cf06c5cc86c6";
			};
			name = Release;
		};
		CEB79A9E1A051AAB00714531 /* Debug */ = {
			isa = XCBuildConfiguration;
			buildSettings = {
				BUNDLE_LOADER = "$(TEST_HOST)";
				FRAMEWORK_SEARCH_PATHS = (
					"$(SDKROOT)/Developer/Library/Frameworks",
					"$(inherited)",
				);
				GCC_PREPROCESSOR_DEFINITIONS = (
					"DEBUG=1",
					"$(inherited)",
				);
				INFOPLIST_FILE = WristBandTests/Info.plist;
				LD_RUNPATH_SEARCH_PATHS = "$(inherited) @executable_path/Frameworks @loader_path/Frameworks";
				PRODUCT_NAME = "$(TARGET_NAME)";
				TEST_HOST = "$(BUILT_PRODUCTS_DIR)/WristBand.app/WristBand";
			};
			name = Debug;
		};
		CEB79A9F1A051AAB00714531 /* Release */ = {
			isa = XCBuildConfiguration;
			buildSettings = {
				BUNDLE_LOADER = "$(TEST_HOST)";
				FRAMEWORK_SEARCH_PATHS = (
					"$(SDKROOT)/Developer/Library/Frameworks",
					"$(inherited)",
				);
				INFOPLIST_FILE = WristBandTests/Info.plist;
				LD_RUNPATH_SEARCH_PATHS = "$(inherited) @executable_path/Frameworks @loader_path/Frameworks";
				PRODUCT_NAME = "$(TARGET_NAME)";
				TEST_HOST = "$(BUILT_PRODUCTS_DIR)/WristBand.app/WristBand";
			};
			name = Release;
		};
/* End XCBuildConfiguration section */

/* Begin XCConfigurationList section */
		CEB79A721A051AAB00714531 /* Build configuration list for PBXProject "WristBand" */ = {
			isa = XCConfigurationList;
			buildConfigurations = (
				CEB79A981A051AAB00714531 /* Debug */,
				CEB79A991A051AAB00714531 /* Release */,
			);
			defaultConfigurationIsVisible = 0;
			defaultConfigurationName = Release;
		};
		CEB79A9A1A051AAB00714531 /* Build configuration list for PBXNativeTarget "WristBand" */ = {
			isa = XCConfigurationList;
			buildConfigurations = (
				CEB79A9B1A051AAB00714531 /* Debug */,
				CEB79A9C1A051AAB00714531 /* Release */,
			);
			defaultConfigurationIsVisible = 0;
			defaultConfigurationName = Release;
		};
		CEB79A9D1A051AAB00714531 /* Build configuration list for PBXNativeTarget "WristBandTests" */ = {
			isa = XCConfigurationList;
			buildConfigurations = (
				CEB79A9E1A051AAB00714531 /* Debug */,
				CEB79A9F1A051AAB00714531 /* Release */,
			);
			defaultConfigurationIsVisible = 0;
			defaultConfigurationName = Release;
		};
/* End XCConfigurationList section */
	};
	rootObject = CEB79A6F1A051AAB00714531 /* Project object */;
}
