// !$*UTF8*$!
{
	archiveVersion = 1;
	classes = {
	};
	objectVersion = 46;
	objects = {

/* Begin PBXBuildFile section */
		45B75E6E1A11F1D0001AF044 /* UINavigationBar+WB.m in Sources */ = {isa = PBXBuildFile; fileRef = 45B75E6D1A11F1D0001AF044 /* UINavigationBar+WB.m */; };
		45EC076A1A11F6E80013E3D1 /* Default-568h@2x.png in Resources */ = {isa = PBXBuildFile; fileRef = 45EC07681A11F6E80013E3D1 /* Default-568h@2x.png */; };
		45EC076B1A11F6E80013E3D1 /* Default@2x.png in Resources */ = {isa = PBXBuildFile; fileRef = 45EC07691A11F6E80013E3D1 /* Default@2x.png */; };
		CE4553E31A0F4E3300E417B7 /* icon_back.png in Resources */ = {isa = PBXBuildFile; fileRef = CE4553E11A0F4E3300E417B7 /* icon_back.png */; };
		CE4553E41A0F4E3300E417B7 /* icon_back@2x.png in Resources */ = {isa = PBXBuildFile; fileRef = CE4553E21A0F4E3300E417B7 /* icon_back@2x.png */; };
		CE4553E81A0F4E8200E417B7 /* WBHitTestView.m in Sources */ = {isa = PBXBuildFile; fileRef = CE4553E71A0F4E8200E417B7 /* WBHitTestView.m */; };
		CE4553EB1A0F5D7800E417B7 /* WBContainViewController.m in Sources */ = {isa = PBXBuildFile; fileRef = CE4553EA1A0F5D7800E417B7 /* WBContainViewController.m */; };
		CE4553EE1A0F67ED00E417B7 /* WBSleepInfo.m in Sources */ = {isa = PBXBuildFile; fileRef = CE4553ED1A0F67ED00E417B7 /* WBSleepInfo.m */; };
		CE4553F11A0F68E800E417B7 /* WBSleepScore.m in Sources */ = {isa = PBXBuildFile; fileRef = CE4553F01A0F68E800E417B7 /* WBSleepScore.m */; };
		CE4553F41A0F721C00E417B7 /* WBBaseCell.m in Sources */ = {isa = PBXBuildFile; fileRef = CE4553F31A0F721C00E417B7 /* WBBaseCell.m */; };
		CE5218461A0F18D700650FB1 /* dark_navigation_bar.png in Resources */ = {isa = PBXBuildFile; fileRef = CE5218441A0F18D700650FB1 /* dark_navigation_bar.png */; };
		CE5218471A0F18D700650FB1 /* dark_navigation_bar@2x.png in Resources */ = {isa = PBXBuildFile; fileRef = CE5218451A0F18D700650FB1 /* dark_navigation_bar@2x.png */; };
		CE52184F1A0F3B4500650FB1 /* UIViewController+Container.m in Sources */ = {isa = PBXBuildFile; fileRef = CE52184E1A0F3B4500650FB1 /* UIViewController+Container.m */; };
		CE54141C1A06079C0013A450 /* icon_x.png in Resources */ = {isa = PBXBuildFile; fileRef = CE54141A1A06079C0013A450 /* icon_x.png */; };
		CE54141D1A06079C0013A450 /* icon_x@2x.png in Resources */ = {isa = PBXBuildFile; fileRef = CE54141B1A06079C0013A450 /* icon_x@2x.png */; };
		CE5414201A06082F0013A450 /* score_breakdown@2x.png in Resources */ = {isa = PBXBuildFile; fileRef = CE54141E1A06082F0013A450 /* score_breakdown@2x.png */; };
		CE5414211A06082F0013A450 /* score_breakdown.png in Resources */ = {isa = PBXBuildFile; fileRef = CE54141F1A06082F0013A450 /* score_breakdown.png */; };
		CE5414241A061B920013A450 /* WBImprovementIdeaCell.m in Sources */ = {isa = PBXBuildFile; fileRef = CE5414231A061B920013A450 /* WBImprovementIdeaCell.m */; };
		CE5414271A061D870013A450 /* icon_idea.png in Resources */ = {isa = PBXBuildFile; fileRef = CE5414251A061D870013A450 /* icon_idea.png */; };
		CE5414281A061D870013A450 /* icon_idea@2x.png in Resources */ = {isa = PBXBuildFile; fileRef = CE5414261A061D870013A450 /* icon_idea@2x.png */; };
		CE54142D1A06200D0013A450 /* checkbox_smart_normal_disabled.png in Resources */ = {isa = PBXBuildFile; fileRef = CE5414291A06200D0013A450 /* checkbox_smart_normal_disabled.png */; };
		CE54142E1A06200D0013A450 /* checkbox_smart_normal_disabled@2x.png in Resources */ = {isa = PBXBuildFile; fileRef = CE54142A1A06200D0013A450 /* checkbox_smart_normal_disabled@2x.png */; };
		CE54142F1A06200D0013A450 /* checkbox_smart_normal.png in Resources */ = {isa = PBXBuildFile; fileRef = CE54142B1A06200D0013A450 /* checkbox_smart_normal.png */; };
		CE5414301A06200D0013A450 /* checkbox_smart_normal@2x.png in Resources */ = {isa = PBXBuildFile; fileRef = CE54142C1A06200D0013A450 /* checkbox_smart_normal@2x.png */; };
		CE5414331A0623010013A450 /* icon_arrow_right_white.png in Resources */ = {isa = PBXBuildFile; fileRef = CE5414311A0623010013A450 /* icon_arrow_right_white.png */; };
		CE5414341A0623010013A450 /* icon_arrow_right_white@2x.png in Resources */ = {isa = PBXBuildFile; fileRef = CE5414321A0623010013A450 /* icon_arrow_right_white@2x.png */; };
		CE5414371A0624010013A450 /* WBTotalSleepTimeCell.m in Sources */ = {isa = PBXBuildFile; fileRef = CE5414361A0624010013A450 /* WBTotalSleepTimeCell.m */; };
		CE54143A1A0626C60013A450 /* icon_total_sleep_time.png in Resources */ = {isa = PBXBuildFile; fileRef = CE5414381A0626C60013A450 /* icon_total_sleep_time.png */; };
		CE54143B1A0626C60013A450 /* icon_total_sleep_time@2x.png in Resources */ = {isa = PBXBuildFile; fileRef = CE5414391A0626C60013A450 /* icon_total_sleep_time@2x.png */; };
		CE559C831A0E27D9000F3D66 /* icon_measuring_spinner.png in Resources */ = {isa = PBXBuildFile; fileRef = CE559C811A0E27D9000F3D66 /* icon_measuring_spinner.png */; };
		CE559C841A0E27D9000F3D66 /* icon_measuring_spinner@2x.png in Resources */ = {isa = PBXBuildFile; fileRef = CE559C821A0E27D9000F3D66 /* icon_measuring_spinner@2x.png */; };
		CE559C871A0E2A3C000F3D66 /* button_background_image_night.png in Resources */ = {isa = PBXBuildFile; fileRef = CE559C851A0E2A3C000F3D66 /* button_background_image_night.png */; };
		CE559C881A0E2A3C000F3D66 /* button_background_image_night@2x.png in Resources */ = {isa = PBXBuildFile; fileRef = CE559C861A0E2A3C000F3D66 /* button_background_image_night@2x.png */; };
		CE6DCB6B1A10EDF600F49843 /* WBCollectionViewCell.m in Sources */ = {isa = PBXBuildFile; fileRef = CE6DCB6A1A10EDF600F49843 /* WBCollectionViewCell.m */; };
		CE6DCB701A124BD400F49843 /* BLE.m in Sources */ = {isa = PBXBuildFile; fileRef = CE6DCB6E1A124BD400F49843 /* BLE.m */; };
		CEAA43371A07C99900EDBAF3 /* WBImprovementViewController.m in Sources */ = {isa = PBXBuildFile; fileRef = CEAA43361A07C99900EDBAF3 /* WBImprovementViewController.m */; };
		CEAA433A1A07CB8800EDBAF3 /* tip_icon_sheep.png in Resources */ = {isa = PBXBuildFile; fileRef = CEAA43381A07CB8800EDBAF3 /* tip_icon_sheep.png */; };
		CEAA433B1A07CB8800EDBAF3 /* tip_icon_sheep@2x.png in Resources */ = {isa = PBXBuildFile; fileRef = CEAA43391A07CB8800EDBAF3 /* tip_icon_sheep@2x.png */; };
		CEAA43421A07CC8700EDBAF3 /* tip_icon_fitness.png in Resources */ = {isa = PBXBuildFile; fileRef = CEAA43401A07CC8700EDBAF3 /* tip_icon_fitness.png */; };
		CEAA43431A07CC8700EDBAF3 /* tip_icon_fitness@2x.png in Resources */ = {isa = PBXBuildFile; fileRef = CEAA43411A07CC8700EDBAF3 /* tip_icon_fitness@2x.png */; };
		CEAA43461A07DAAA00EDBAF3 /* WBSettingPersonalInfoCell.m in Sources */ = {isa = PBXBuildFile; fileRef = CEAA43451A07DAAA00EDBAF3 /* WBSettingPersonalInfoCell.m */; };
		CEAA43491A07DACA00EDBAF3 /* WBSettingSleepGoalCell.m in Sources */ = {isa = PBXBuildFile; fileRef = CEAA43481A07DACA00EDBAF3 /* WBSettingSleepGoalCell.m */; };
		CEAA434C1A07DAEE00EDBAF3 /* WBSettingSleepTipsCell.m in Sources */ = {isa = PBXBuildFile; fileRef = CEAA434B1A07DAEE00EDBAF3 /* WBSettingSleepTipsCell.m */; };
		CEAA434F1A07DB0A00EDBAF3 /* WBSettingVersionCell.m in Sources */ = {isa = PBXBuildFile; fileRef = CEAA434E1A07DB0A00EDBAF3 /* WBSettingVersionCell.m */; };
		CEAA43521A07DD8000EDBAF3 /* icon_acount.png in Resources */ = {isa = PBXBuildFile; fileRef = CEAA43501A07DD8000EDBAF3 /* icon_acount.png */; };
		CEAA43531A07DD8000EDBAF3 /* icon_acount@2x.png in Resources */ = {isa = PBXBuildFile; fileRef = CEAA43511A07DD8000EDBAF3 /* icon_acount@2x.png */; };
		CEAA43561A07DEC900EDBAF3 /* icon_acount_edit_acount.png in Resources */ = {isa = PBXBuildFile; fileRef = CEAA43541A07DEC900EDBAF3 /* icon_acount_edit_acount.png */; };
		CEAA43571A07DEC900EDBAF3 /* icon_acount_edit_acount@2x.png in Resources */ = {isa = PBXBuildFile; fileRef = CEAA43551A07DEC900EDBAF3 /* icon_acount_edit_acount@2x.png */; };
		CEAA435A1A0914FB00EDBAF3 /* WBPersonalInfoViewController.m in Sources */ = {isa = PBXBuildFile; fileRef = CEAA43591A0914FB00EDBAF3 /* WBPersonalInfoViewController.m */; };
		CEAA435D1A09185700EDBAF3 /* WBConnectDeviceView.m in Sources */ = {isa = PBXBuildFile; fileRef = CEAA435C1A09185700EDBAF3 /* WBConnectDeviceView.m */; };
		CEAA43601A09188400EDBAF3 /* WBMeasuringView.m in Sources */ = {isa = PBXBuildFile; fileRef = CEAA435F1A09188400EDBAF3 /* WBMeasuringView.m */; };
		CEAA43651A09195C00EDBAF3 /* button_background_image_day_act.png in Resources */ = {isa = PBXBuildFile; fileRef = CEAA43611A09195C00EDBAF3 /* button_background_image_day_act.png */; };
		CEAA43661A09195C00EDBAF3 /* button_background_image_day_act@2x.png in Resources */ = {isa = PBXBuildFile; fileRef = CEAA43621A09195C00EDBAF3 /* button_background_image_day_act@2x.png */; };
		CEAA43671A09195C00EDBAF3 /* button_background_image_day.png in Resources */ = {isa = PBXBuildFile; fileRef = CEAA43631A09195C00EDBAF3 /* button_background_image_day.png */; };
		CEAA43681A09195C00EDBAF3 /* button_background_image_day@2x.png in Resources */ = {isa = PBXBuildFile; fileRef = CEAA43641A09195C00EDBAF3 /* button_background_image_day@2x.png */; };
		CEAA436A1A092E6700EDBAF3 /* ExternalAccessory.framework in Frameworks */ = {isa = PBXBuildFile; fileRef = CEAA43691A092E6700EDBAF3 /* ExternalAccessory.framework */; };
		CEAA436C1A092E6D00EDBAF3 /* CoreBluetooth.framework in Frameworks */ = {isa = PBXBuildFile; fileRef = CEAA436B1A092E6D00EDBAF3 /* CoreBluetooth.framework */; };
		CEB79A7D1A051AAB00714531 /* main.m in Sources */ = {isa = PBXBuildFile; fileRef = CEB79A7C1A051AAB00714531 /* main.m */; };
		CEB79A801A051AAB00714531 /* AppDelegate.m in Sources */ = {isa = PBXBuildFile; fileRef = CEB79A7F1A051AAB00714531 /* AppDelegate.m */; };
		CEB79A971A051AAB00714531 /* WristBandTests.m in Sources */ = {isa = PBXBuildFile; fileRef = CEB79A961A051AAB00714531 /* WristBandTests.m */; };
		CEB79AAE1A051DA200714531 /* icon_user.png in Resources */ = {isa = PBXBuildFile; fileRef = CEB79AAC1A051DA200714531 /* icon_user.png */; };
		CEB79AAF1A051DA200714531 /* icon_user@2x.png in Resources */ = {isa = PBXBuildFile; fileRef = CEB79AAD1A051DA200714531 /* icon_user@2x.png */; };
		CEB79AB71A05238A00714531 /* timeline_40@2x.png in Resources */ = {isa = PBXBuildFile; fileRef = CEB79AB51A05238A00714531 /* timeline_40@2x.png */; };
		CEB79AB81A05238A00714531 /* timeline_60@2x.png in Resources */ = {isa = PBXBuildFile; fileRef = CEB79AB61A05238A00714531 /* timeline_60@2x.png */; };
		CEB79AC41A0523E800714531 /* ALView+PureLayout.m in Sources */ = {isa = PBXBuildFile; fileRef = CEB79ABC1A0523E800714531 /* ALView+PureLayout.m */; };
		CEB79AC51A0523E800714531 /* NSArray+PureLayout.m in Sources */ = {isa = PBXBuildFile; fileRef = CEB79ABE1A0523E800714531 /* NSArray+PureLayout.m */; };
		CEB79AC61A0523E800714531 /* NSLayoutConstraint+PureLayout.m in Sources */ = {isa = PBXBuildFile; fileRef = CEB79AC01A0523E800714531 /* NSLayoutConstraint+PureLayout.m */; };
		CEB79ACA1A05249200714531 /* WBSleepPoint.m in Sources */ = {isa = PBXBuildFile; fileRef = CEB79AC91A05249200714531 /* WBSleepPoint.m */; };
		CEB79ACE1A0527E300714531 /* WBSettingViewController.m in Sources */ = {isa = PBXBuildFile; fileRef = CEB79ACD1A0527E300714531 /* WBSettingViewController.m */; };
		CEB79AD41A05285B00714531 /* WBLineChartView.m in Sources */ = {isa = PBXBuildFile; fileRef = CEB79AD11A05285B00714531 /* WBLineChartView.m */; };
		CEB79AD51A05285B00714531 /* WBMainViewController.m in Sources */ = {isa = PBXBuildFile; fileRef = CEB79AD31A05285B00714531 /* WBMainViewController.m */; };
		CEB79AD71A05288000714531 /* Images.xcassets in Resources */ = {isa = PBXBuildFile; fileRef = CEB79AD61A05288000714531 /* Images.xcassets */; };
		CEB79ADA1A0528F300714531 /* WBMainView.m in Sources */ = {isa = PBXBuildFile; fileRef = CEB79AD91A0528F300714531 /* WBMainView.m */; };
		CEB79ADD1A05374200714531 /* WBCircleView.m in Sources */ = {isa = PBXBuildFile; fileRef = CEB79ADC1A05374200714531 /* WBCircleView.m */; };
		CEB79B1F1A05D35E00714531 /* UIDevice+WB.m in Sources */ = {isa = PBXBuildFile; fileRef = CEB79B1E1A05D35E00714531 /* UIDevice+WB.m */; };
		CEB79B291A05D4E900714531 /* GCDGroup.m in Sources */ = {isa = PBXBuildFile; fileRef = CEB79B221A05D4E900714531 /* GCDGroup.m */; };
		CEB79B2A1A05D4E900714531 /* GCDQueue.m in Sources */ = {isa = PBXBuildFile; fileRef = CEB79B261A05D4E900714531 /* GCDQueue.m */; };
		CEB79B2B1A05D4E900714531 /* GCDSemaphore.m in Sources */ = {isa = PBXBuildFile; fileRef = CEB79B281A05D4E900714531 /* GCDSemaphore.m */; };
		CEB79B2F1A05D75300714531 /* sleep_achievement_icon.png in Resources */ = {isa = PBXBuildFile; fileRef = CEB79B2D1A05D75300714531 /* sleep_achievement_icon.png */; };
		CEB79B301A05D75300714531 /* sleep_achievement_icon@2x.png in Resources */ = {isa = PBXBuildFile; fileRef = CEB79B2E1A05D75300714531 /* sleep_achievement_icon@2x.png */; };
		CEB79B331A05DA8900714531 /* UIView+WB.m in Sources */ = {isa = PBXBuildFile; fileRef = CEB79B321A05DA8900714531 /* UIView+WB.m */; };
		CEB79B381A05E4A900714531 /* center_image_default.png in Resources */ = {isa = PBXBuildFile; fileRef = CEB79B341A05E4A900714531 /* center_image_default.png */; };
		CEB79B391A05E4A900714531 /* center_image_default@2x.png in Resources */ = {isa = PBXBuildFile; fileRef = CEB79B351A05E4A900714531 /* center_image_default@2x.png */; };
		CEB79B3A1A05E4A900714531 /* center_image_pressed.png in Resources */ = {isa = PBXBuildFile; fileRef = CEB79B361A05E4A900714531 /* center_image_pressed.png */; };
		CEB79B3B1A05E4A900714531 /* center_image_pressed@2x.png in Resources */ = {isa = PBXBuildFile; fileRef = CEB79B371A05E4A900714531 /* center_image_pressed@2x.png */; };
		CEB79B3E1A05F92300714531 /* UIColor+WB.m in Sources */ = {isa = PBXBuildFile; fileRef = CEB79B3D1A05F92300714531 /* UIColor+WB.m */; };
		CEB79B451A06046600714531 /* WBScoreDetailCell.m in Sources */ = {isa = PBXBuildFile; fileRef = CEB79B441A06046600714531 /* WBScoreDetailCell.m */; };
		CED526811A1F885700016B4D /* WBHeartRateCell.m in Sources */ = {isa = PBXBuildFile; fileRef = CED526801A1F885700016B4D /* WBHeartRateCell.m */; };
		CED526841A1F888800016B4D /* WBBreathRateCell.m in Sources */ = {isa = PBXBuildFile; fileRef = CED526831A1F888800016B4D /* WBBreathRateCell.m */; };
		CED526891A1F89B500016B4D /* icon_average_respiration_rate.png in Resources */ = {isa = PBXBuildFile; fileRef = CED526851A1F89B500016B4D /* icon_average_respiration_rate.png */; };
		CED5268A1A1F89B500016B4D /* icon_average_respiration_rate@2x.png in Resources */ = {isa = PBXBuildFile; fileRef = CED526861A1F89B500016B4D /* icon_average_respiration_rate@2x.png */; };
		CED5268B1A1F89B500016B4D /* icon_heart_extreme.png in Resources */ = {isa = PBXBuildFile; fileRef = CED526871A1F89B500016B4D /* icon_heart_extreme.png */; };
		CED5268C1A1F89B500016B4D /* icon_heart_extreme@2x.png in Resources */ = {isa = PBXBuildFile; fileRef = CED526881A1F89B500016B4D /* icon_heart_extreme@2x.png */; };
		CED5268F1A1F8FE400016B4D /* icon_heart_wide.png in Resources */ = {isa = PBXBuildFile; fileRef = CED5268D1A1F8FE400016B4D /* icon_heart_wide.png */; };
		CED526901A1F8FE400016B4D /* icon_heart_wide@2x.png in Resources */ = {isa = PBXBuildFile; fileRef = CED5268E1A1F8FE400016B4D /* icon_heart_wide@2x.png */; };
/* End PBXBuildFile section */

/* Begin PBXContainerItemProxy section */
		CEB79A911A051AAB00714531 /* PBXContainerItemProxy */ = {
			isa = PBXContainerItemProxy;
			containerPortal = CEB79A6F1A051AAB00714531 /* Project object */;
			proxyType = 1;
			remoteGlobalIDString = CEB79A761A051AAB00714531;
			remoteInfo = WristBand;
		};
/* End PBXContainerItemProxy section */

/* Begin PBXFileReference section */
		45B75E6C1A11F1D0001AF044 /* UINavigationBar+WB.h */ = {isa = PBXFileReference; fileEncoding = 4; lastKnownFileType = sourcecode.c.h; path = "UINavigationBar+WB.h"; sourceTree = "<group>"; };
		45B75E6D1A11F1D0001AF044 /* UINavigationBar+WB.m */ = {isa = PBXFileReference; fileEncoding = 4; lastKnownFileType = sourcecode.c.objc; path = "UINavigationBar+WB.m"; sourceTree = "<group>"; };
		45EC07681A11F6E80013E3D1 /* Default-568h@2x.png */ = {isa = PBXFileReference; lastKnownFileType = image.png; path = "Default-568h@2x.png"; sourceTree = "<group>"; };
		45EC07691A11F6E80013E3D1 /* Default@2x.png */ = {isa = PBXFileReference; lastKnownFileType = image.png; path = "Default@2x.png"; sourceTree = "<group>"; };
		CE4553E11A0F4E3300E417B7 /* icon_back.png */ = {isa = PBXFileReference; lastKnownFileType = image.png; path = icon_back.png; sourceTree = "<group>"; };
		CE4553E21A0F4E3300E417B7 /* icon_back@2x.png */ = {isa = PBXFileReference; lastKnownFileType = image.png; path = "icon_back@2x.png"; sourceTree = "<group>"; };
		CE4553E61A0F4E8200E417B7 /* WBHitTestView.h */ = {isa = PBXFileReference; fileEncoding = 4; lastKnownFileType = sourcecode.c.h; path = WBHitTestView.h; sourceTree = "<group>"; };
		CE4553E71A0F4E8200E417B7 /* WBHitTestView.m */ = {isa = PBXFileReference; fileEncoding = 4; lastKnownFileType = sourcecode.c.objc; path = WBHitTestView.m; sourceTree = "<group>"; };
		CE4553E91A0F5D7800E417B7 /* WBContainViewController.h */ = {isa = PBXFileReference; fileEncoding = 4; lastKnownFileType = sourcecode.c.h; path = WBContainViewController.h; sourceTree = "<group>"; };
		CE4553EA1A0F5D7800E417B7 /* WBContainViewController.m */ = {isa = PBXFileReference; fileEncoding = 4; lastKnownFileType = sourcecode.c.objc; path = WBContainViewController.m; sourceTree = "<group>"; };
		CE4553EC1A0F67ED00E417B7 /* WBSleepInfo.h */ = {isa = PBXFileReference; fileEncoding = 4; lastKnownFileType = sourcecode.c.h; path = WBSleepInfo.h; sourceTree = "<group>"; };
		CE4553ED1A0F67ED00E417B7 /* WBSleepInfo.m */ = {isa = PBXFileReference; fileEncoding = 4; lastKnownFileType = sourcecode.c.objc; path = WBSleepInfo.m; sourceTree = "<group>"; };
		CE4553EF1A0F68E800E417B7 /* WBSleepScore.h */ = {isa = PBXFileReference; fileEncoding = 4; lastKnownFileType = sourcecode.c.h; path = WBSleepScore.h; sourceTree = "<group>"; };
		CE4553F01A0F68E800E417B7 /* WBSleepScore.m */ = {isa = PBXFileReference; fileEncoding = 4; lastKnownFileType = sourcecode.c.objc; path = WBSleepScore.m; sourceTree = "<group>"; };
		CE4553F21A0F721C00E417B7 /* WBBaseCell.h */ = {isa = PBXFileReference; fileEncoding = 4; lastKnownFileType = sourcecode.c.h; path = WBBaseCell.h; sourceTree = "<group>"; };
		CE4553F31A0F721C00E417B7 /* WBBaseCell.m */ = {isa = PBXFileReference; fileEncoding = 4; lastKnownFileType = sourcecode.c.objc; path = WBBaseCell.m; sourceTree = "<group>"; };
		CE5218441A0F18D700650FB1 /* dark_navigation_bar.png */ = {isa = PBXFileReference; lastKnownFileType = image.png; path = dark_navigation_bar.png; sourceTree = "<group>"; };
		CE5218451A0F18D700650FB1 /* dark_navigation_bar@2x.png */ = {isa = PBXFileReference; lastKnownFileType = image.png; path = "dark_navigation_bar@2x.png"; sourceTree = "<group>"; };
		CE52184D1A0F3B4500650FB1 /* UIViewController+Container.h */ = {isa = PBXFileReference; fileEncoding = 4; lastKnownFileType = sourcecode.c.h; path = "UIViewController+Container.h"; sourceTree = "<group>"; };
		CE52184E1A0F3B4500650FB1 /* UIViewController+Container.m */ = {isa = PBXFileReference; fileEncoding = 4; lastKnownFileType = sourcecode.c.objc; path = "UIViewController+Container.m"; sourceTree = "<group>"; };
		CE54141A1A06079C0013A450 /* icon_x.png */ = {isa = PBXFileReference; lastKnownFileType = image.png; path = icon_x.png; sourceTree = "<group>"; };
		CE54141B1A06079C0013A450 /* icon_x@2x.png */ = {isa = PBXFileReference; lastKnownFileType = image.png; path = "icon_x@2x.png"; sourceTree = "<group>"; };
		CE54141E1A06082F0013A450 /* score_breakdown@2x.png */ = {isa = PBXFileReference; lastKnownFileType = image.png; path = "score_breakdown@2x.png"; sourceTree = "<group>"; };
		CE54141F1A06082F0013A450 /* score_breakdown.png */ = {isa = PBXFileReference; lastKnownFileType = image.png; path = score_breakdown.png; sourceTree = "<group>"; };
		CE5414221A061B920013A450 /* WBImprovementIdeaCell.h */ = {isa = PBXFileReference; fileEncoding = 4; lastKnownFileType = sourcecode.c.h; path = WBImprovementIdeaCell.h; sourceTree = "<group>"; };
		CE5414231A061B920013A450 /* WBImprovementIdeaCell.m */ = {isa = PBXFileReference; fileEncoding = 4; lastKnownFileType = sourcecode.c.objc; path = WBImprovementIdeaCell.m; sourceTree = "<group>"; };
		CE5414251A061D870013A450 /* icon_idea.png */ = {isa = PBXFileReference; lastKnownFileType = image.png; path = icon_idea.png; sourceTree = "<group>"; };
		CE5414261A061D870013A450 /* icon_idea@2x.png */ = {isa = PBXFileReference; lastKnownFileType = image.png; path = "icon_idea@2x.png"; sourceTree = "<group>"; };
		CE5414291A06200D0013A450 /* checkbox_smart_normal_disabled.png */ = {isa = PBXFileReference; lastKnownFileType = image.png; path = checkbox_smart_normal_disabled.png; sourceTree = "<group>"; };
		CE54142A1A06200D0013A450 /* checkbox_smart_normal_disabled@2x.png */ = {isa = PBXFileReference; lastKnownFileType = image.png; path = "checkbox_smart_normal_disabled@2x.png"; sourceTree = "<group>"; };
		CE54142B1A06200D0013A450 /* checkbox_smart_normal.png */ = {isa = PBXFileReference; lastKnownFileType = image.png; path = checkbox_smart_normal.png; sourceTree = "<group>"; };
		CE54142C1A06200D0013A450 /* checkbox_smart_normal@2x.png */ = {isa = PBXFileReference; lastKnownFileType = image.png; path = "checkbox_smart_normal@2x.png"; sourceTree = "<group>"; };
		CE5414311A0623010013A450 /* icon_arrow_right_white.png */ = {isa = PBXFileReference; lastKnownFileType = image.png; path = icon_arrow_right_white.png; sourceTree = "<group>"; };
		CE5414321A0623010013A450 /* icon_arrow_right_white@2x.png */ = {isa = PBXFileReference; lastKnownFileType = image.png; path = "icon_arrow_right_white@2x.png"; sourceTree = "<group>"; };
		CE5414351A0624010013A450 /* WBTotalSleepTimeCell.h */ = {isa = PBXFileReference; fileEncoding = 4; lastKnownFileType = sourcecode.c.h; path = WBTotalSleepTimeCell.h; sourceTree = "<group>"; };
		CE5414361A0624010013A450 /* WBTotalSleepTimeCell.m */ = {isa = PBXFileReference; fileEncoding = 4; lastKnownFileType = sourcecode.c.objc; path = WBTotalSleepTimeCell.m; sourceTree = "<group>"; };
		CE5414381A0626C60013A450 /* icon_total_sleep_time.png */ = {isa = PBXFileReference; lastKnownFileType = image.png; path = icon_total_sleep_time.png; sourceTree = "<group>"; };
		CE5414391A0626C60013A450 /* icon_total_sleep_time@2x.png */ = {isa = PBXFileReference; lastKnownFileType = image.png; path = "icon_total_sleep_time@2x.png"; sourceTree = "<group>"; };
		CE559C811A0E27D9000F3D66 /* icon_measuring_spinner.png */ = {isa = PBXFileReference; lastKnownFileType = image.png; path = icon_measuring_spinner.png; sourceTree = "<group>"; };
		CE559C821A0E27D9000F3D66 /* icon_measuring_spinner@2x.png */ = {isa = PBXFileReference; lastKnownFileType = image.png; path = "icon_measuring_spinner@2x.png"; sourceTree = "<group>"; };
		CE559C851A0E2A3C000F3D66 /* button_background_image_night.png */ = {isa = PBXFileReference; lastKnownFileType = image.png; path = button_background_image_night.png; sourceTree = "<group>"; };
		CE559C861A0E2A3C000F3D66 /* button_background_image_night@2x.png */ = {isa = PBXFileReference; lastKnownFileType = image.png; path = "button_background_image_night@2x.png"; sourceTree = "<group>"; };
		CE6DCB691A10EDF600F49843 /* WBCollectionViewCell.h */ = {isa = PBXFileReference; fileEncoding = 4; lastKnownFileType = sourcecode.c.h; path = WBCollectionViewCell.h; sourceTree = "<group>"; };
		CE6DCB6A1A10EDF600F49843 /* WBCollectionViewCell.m */ = {isa = PBXFileReference; fileEncoding = 4; lastKnownFileType = sourcecode.c.objc; path = WBCollectionViewCell.m; sourceTree = "<group>"; };
		CE6DCB6D1A124BD400F49843 /* BLE.h */ = {isa = PBXFileReference; fileEncoding = 4; lastKnownFileType = sourcecode.c.h; path = BLE.h; sourceTree = "<group>"; };
		CE6DCB6E1A124BD400F49843 /* BLE.m */ = {isa = PBXFileReference; fileEncoding = 4; lastKnownFileType = sourcecode.c.objc; path = BLE.m; sourceTree = "<group>"; };
		CE6DCB6F1A124BD400F49843 /* BLEDefines.h */ = {isa = PBXFileReference; fileEncoding = 4; lastKnownFileType = sourcecode.c.h; path = BLEDefines.h; sourceTree = "<group>"; };
		CE6DCB721A124EAB00F49843 /* WBSingleton.h */ = {isa = PBXFileReference; fileEncoding = 4; lastKnownFileType = sourcecode.c.h; path = WBSingleton.h; sourceTree = "<group>"; };
		CEAA43351A07C99900EDBAF3 /* WBImprovementViewController.h */ = {isa = PBXFileReference; fileEncoding = 4; lastKnownFileType = sourcecode.c.h; path = WBImprovementViewController.h; sourceTree = "<group>"; };
		CEAA43361A07C99900EDBAF3 /* WBImprovementViewController.m */ = {isa = PBXFileReference; fileEncoding = 4; lastKnownFileType = sourcecode.c.objc; path = WBImprovementViewController.m; sourceTree = "<group>"; };
		CEAA43381A07CB8800EDBAF3 /* tip_icon_sheep.png */ = {isa = PBXFileReference; lastKnownFileType = image.png; path = tip_icon_sheep.png; sourceTree = "<group>"; };
		CEAA43391A07CB8800EDBAF3 /* tip_icon_sheep@2x.png */ = {isa = PBXFileReference; lastKnownFileType = image.png; path = "tip_icon_sheep@2x.png"; sourceTree = "<group>"; };
		CEAA43401A07CC8700EDBAF3 /* tip_icon_fitness.png */ = {isa = PBXFileReference; lastKnownFileType = image.png; path = tip_icon_fitness.png; sourceTree = "<group>"; };
		CEAA43411A07CC8700EDBAF3 /* tip_icon_fitness@2x.png */ = {isa = PBXFileReference; lastKnownFileType = image.png; path = "tip_icon_fitness@2x.png"; sourceTree = "<group>"; };
		CEAA43441A07DAAA00EDBAF3 /* WBSettingPersonalInfoCell.h */ = {isa = PBXFileReference; fileEncoding = 4; lastKnownFileType = sourcecode.c.h; path = WBSettingPersonalInfoCell.h; sourceTree = "<group>"; };
		CEAA43451A07DAAA00EDBAF3 /* WBSettingPersonalInfoCell.m */ = {isa = PBXFileReference; fileEncoding = 4; lastKnownFileType = sourcecode.c.objc; path = WBSettingPersonalInfoCell.m; sourceTree = "<group>"; };
		CEAA43471A07DACA00EDBAF3 /* WBSettingSleepGoalCell.h */ = {isa = PBXFileReference; fileEncoding = 4; lastKnownFileType = sourcecode.c.h; path = WBSettingSleepGoalCell.h; sourceTree = "<group>"; };
		CEAA43481A07DACA00EDBAF3 /* WBSettingSleepGoalCell.m */ = {isa = PBXFileReference; fileEncoding = 4; lastKnownFileType = sourcecode.c.objc; path = WBSettingSleepGoalCell.m; sourceTree = "<group>"; };
		CEAA434A1A07DAEE00EDBAF3 /* WBSettingSleepTipsCell.h */ = {isa = PBXFileReference; fileEncoding = 4; lastKnownFileType = sourcecode.c.h; path = WBSettingSleepTipsCell.h; sourceTree = "<group>"; };
		CEAA434B1A07DAEE00EDBAF3 /* WBSettingSleepTipsCell.m */ = {isa = PBXFileReference; fileEncoding = 4; lastKnownFileType = sourcecode.c.objc; path = WBSettingSleepTipsCell.m; sourceTree = "<group>"; };
		CEAA434D1A07DB0A00EDBAF3 /* WBSettingVersionCell.h */ = {isa = PBXFileReference; fileEncoding = 4; lastKnownFileType = sourcecode.c.h; path = WBSettingVersionCell.h; sourceTree = "<group>"; };
		CEAA434E1A07DB0A00EDBAF3 /* WBSettingVersionCell.m */ = {isa = PBXFileReference; fileEncoding = 4; lastKnownFileType = sourcecode.c.objc; path = WBSettingVersionCell.m; sourceTree = "<group>"; };
		CEAA43501A07DD8000EDBAF3 /* icon_acount.png */ = {isa = PBXFileReference; lastKnownFileType = image.png; path = icon_acount.png; sourceTree = "<group>"; };
		CEAA43511A07DD8000EDBAF3 /* icon_acount@2x.png */ = {isa = PBXFileReference; lastKnownFileType = image.png; path = "icon_acount@2x.png"; sourceTree = "<group>"; };
		CEAA43541A07DEC900EDBAF3 /* icon_acount_edit_acount.png */ = {isa = PBXFileReference; lastKnownFileType = image.png; path = icon_acount_edit_acount.png; sourceTree = "<group>"; };
		CEAA43551A07DEC900EDBAF3 /* icon_acount_edit_acount@2x.png */ = {isa = PBXFileReference; lastKnownFileType = image.png; path = "icon_acount_edit_acount@2x.png"; sourceTree = "<group>"; };
		CEAA43581A0914FB00EDBAF3 /* WBPersonalInfoViewController.h */ = {isa = PBXFileReference; fileEncoding = 4; lastKnownFileType = sourcecode.c.h; path = WBPersonalInfoViewController.h; sourceTree = "<group>"; };
		CEAA43591A0914FB00EDBAF3 /* WBPersonalInfoViewController.m */ = {isa = PBXFileReference; fileEncoding = 4; lastKnownFileType = sourcecode.c.objc; path = WBPersonalInfoViewController.m; sourceTree = "<group>"; };
		CEAA435B1A09185700EDBAF3 /* WBConnectDeviceView.h */ = {isa = PBXFileReference; fileEncoding = 4; lastKnownFileType = sourcecode.c.h; path = WBConnectDeviceView.h; sourceTree = "<group>"; };
		CEAA435C1A09185700EDBAF3 /* WBConnectDeviceView.m */ = {isa = PBXFileReference; fileEncoding = 4; lastKnownFileType = sourcecode.c.objc; path = WBConnectDeviceView.m; sourceTree = "<group>"; };
		CEAA435E1A09188400EDBAF3 /* WBMeasuringView.h */ = {isa = PBXFileReference; fileEncoding = 4; lastKnownFileType = sourcecode.c.h; path = WBMeasuringView.h; sourceTree = "<group>"; };
		CEAA435F1A09188400EDBAF3 /* WBMeasuringView.m */ = {isa = PBXFileReference; fileEncoding = 4; lastKnownFileType = sourcecode.c.objc; path = WBMeasuringView.m; sourceTree = "<group>"; };
		CEAA43611A09195C00EDBAF3 /* button_background_image_day_act.png */ = {isa = PBXFileReference; lastKnownFileType = image.png; path = button_background_image_day_act.png; sourceTree = "<group>"; };
		CEAA43621A09195C00EDBAF3 /* button_background_image_day_act@2x.png */ = {isa = PBXFileReference; lastKnownFileType = image.png; path = "button_background_image_day_act@2x.png"; sourceTree = "<group>"; };
		CEAA43631A09195C00EDBAF3 /* button_background_image_day.png */ = {isa = PBXFileReference; lastKnownFileType = image.png; path = button_background_image_day.png; sourceTree = "<group>"; };
		CEAA43641A09195C00EDBAF3 /* button_background_image_day@2x.png */ = {isa = PBXFileReference; lastKnownFileType = image.png; path = "button_background_image_day@2x.png"; sourceTree = "<group>"; };
		CEAA43691A092E6700EDBAF3 /* ExternalAccessory.framework */ = {isa = PBXFileReference; lastKnownFileType = wrapper.framework; name = ExternalAccessory.framework; path = System/Library/Frameworks/ExternalAccessory.framework; sourceTree = SDKROOT; };
		CEAA436B1A092E6D00EDBAF3 /* CoreBluetooth.framework */ = {isa = PBXFileReference; lastKnownFileType = wrapper.framework; name = CoreBluetooth.framework; path = System/Library/Frameworks/CoreBluetooth.framework; sourceTree = SDKROOT; };
		CEB79A771A051AAB00714531 /* WristBand.app */ = {isa = PBXFileReference; explicitFileType = wrapper.application; includeInIndex = 0; path = WristBand.app; sourceTree = BUILT_PRODUCTS_DIR; };
		CEB79A7B1A051AAB00714531 /* Info.plist */ = {isa = PBXFileReference; lastKnownFileType = text.plist.xml; path = Info.plist; sourceTree = "<group>"; };
		CEB79A7C1A051AAB00714531 /* main.m */ = {isa = PBXFileReference; lastKnownFileType = sourcecode.c.objc; path = main.m; sourceTree = "<group>"; };
		CEB79A7E1A051AAB00714531 /* AppDelegate.h */ = {isa = PBXFileReference; lastKnownFileType = sourcecode.c.h; path = AppDelegate.h; sourceTree = "<group>"; };
		CEB79A7F1A051AAB00714531 /* AppDelegate.m */ = {isa = PBXFileReference; lastKnownFileType = sourcecode.c.objc; path = AppDelegate.m; sourceTree = "<group>"; };
		CEB79A901A051AAB00714531 /* WristBandTests.xctest */ = {isa = PBXFileReference; explicitFileType = wrapper.cfbundle; includeInIndex = 0; path = WristBandTests.xctest; sourceTree = BUILT_PRODUCTS_DIR; };
		CEB79A951A051AAB00714531 /* Info.plist */ = {isa = PBXFileReference; lastKnownFileType = text.plist.xml; path = Info.plist; sourceTree = "<group>"; };
		CEB79A961A051AAB00714531 /* WristBandTests.m */ = {isa = PBXFileReference; lastKnownFileType = sourcecode.c.objc; path = WristBandTests.m; sourceTree = "<group>"; };
		CEB79AAC1A051DA200714531 /* icon_user.png */ = {isa = PBXFileReference; lastKnownFileType = image.png; path = icon_user.png; sourceTree = "<group>"; };
		CEB79AAD1A051DA200714531 /* icon_user@2x.png */ = {isa = PBXFileReference; lastKnownFileType = image.png; path = "icon_user@2x.png"; sourceTree = "<group>"; };
		CEB79AB51A05238A00714531 /* timeline_40@2x.png */ = {isa = PBXFileReference; lastKnownFileType = image.png; path = "timeline_40@2x.png"; sourceTree = "<group>"; };
		CEB79AB61A05238A00714531 /* timeline_60@2x.png */ = {isa = PBXFileReference; lastKnownFileType = image.png; path = "timeline_60@2x.png"; sourceTree = "<group>"; };
		CEB79ABB1A0523E800714531 /* ALView+PureLayout.h */ = {isa = PBXFileReference; fileEncoding = 4; lastKnownFileType = sourcecode.c.h; path = "ALView+PureLayout.h"; sourceTree = "<group>"; };
		CEB79ABC1A0523E800714531 /* ALView+PureLayout.m */ = {isa = PBXFileReference; fileEncoding = 4; lastKnownFileType = sourcecode.c.objc; path = "ALView+PureLayout.m"; sourceTree = "<group>"; };
		CEB79ABD1A0523E800714531 /* NSArray+PureLayout.h */ = {isa = PBXFileReference; fileEncoding = 4; lastKnownFileType = sourcecode.c.h; path = "NSArray+PureLayout.h"; sourceTree = "<group>"; };
		CEB79ABE1A0523E800714531 /* NSArray+PureLayout.m */ = {isa = PBXFileReference; fileEncoding = 4; lastKnownFileType = sourcecode.c.objc; path = "NSArray+PureLayout.m"; sourceTree = "<group>"; };
		CEB79ABF1A0523E800714531 /* NSLayoutConstraint+PureLayout.h */ = {isa = PBXFileReference; fileEncoding = 4; lastKnownFileType = sourcecode.c.h; path = "NSLayoutConstraint+PureLayout.h"; sourceTree = "<group>"; };
		CEB79AC01A0523E800714531 /* NSLayoutConstraint+PureLayout.m */ = {isa = PBXFileReference; fileEncoding = 4; lastKnownFileType = sourcecode.c.objc; path = "NSLayoutConstraint+PureLayout.m"; sourceTree = "<group>"; };
		CEB79AC11A0523E800714531 /* PureLayout+Internal.h */ = {isa = PBXFileReference; fileEncoding = 4; lastKnownFileType = sourcecode.c.h; path = "PureLayout+Internal.h"; sourceTree = "<group>"; };
		CEB79AC21A0523E800714531 /* PureLayout.h */ = {isa = PBXFileReference; fileEncoding = 4; lastKnownFileType = sourcecode.c.h; path = PureLayout.h; sourceTree = "<group>"; };
		CEB79AC31A0523E800714531 /* PureLayoutDefines.h */ = {isa = PBXFileReference; fileEncoding = 4; lastKnownFileType = sourcecode.c.h; path = PureLayoutDefines.h; sourceTree = "<group>"; };
		CEB79AC81A05249200714531 /* WBSleepPoint.h */ = {isa = PBXFileReference; fileEncoding = 4; lastKnownFileType = sourcecode.c.h; path = WBSleepPoint.h; sourceTree = "<group>"; };
		CEB79AC91A05249200714531 /* WBSleepPoint.m */ = {isa = PBXFileReference; fileEncoding = 4; lastKnownFileType = sourcecode.c.objc; path = WBSleepPoint.m; sourceTree = "<group>"; };
		CEB79ACC1A0527E300714531 /* WBSettingViewController.h */ = {isa = PBXFileReference; fileEncoding = 4; lastKnownFileType = sourcecode.c.h; path = WBSettingViewController.h; sourceTree = "<group>"; };
		CEB79ACD1A0527E300714531 /* WBSettingViewController.m */ = {isa = PBXFileReference; fileEncoding = 4; lastKnownFileType = sourcecode.c.objc; path = WBSettingViewController.m; sourceTree = "<group>"; };
		CEB79AD01A05285B00714531 /* WBLineChartView.h */ = {isa = PBXFileReference; fileEncoding = 4; lastKnownFileType = sourcecode.c.h; path = WBLineChartView.h; sourceTree = "<group>"; };
		CEB79AD11A05285B00714531 /* WBLineChartView.m */ = {isa = PBXFileReference; fileEncoding = 4; lastKnownFileType = sourcecode.c.objc; path = WBLineChartView.m; sourceTree = "<group>"; };
		CEB79AD21A05285B00714531 /* WBMainViewController.h */ = {isa = PBXFileReference; fileEncoding = 4; lastKnownFileType = sourcecode.c.h; path = WBMainViewController.h; sourceTree = "<group>"; };
		CEB79AD31A05285B00714531 /* WBMainViewController.m */ = {isa = PBXFileReference; fileEncoding = 4; lastKnownFileType = sourcecode.c.objc; path = WBMainViewController.m; sourceTree = "<group>"; };
		CEB79AD61A05288000714531 /* Images.xcassets */ = {isa = PBXFileReference; lastKnownFileType = folder.assetcatalog; path = Images.xcassets; sourceTree = "<group>"; };
		CEB79AD81A0528F300714531 /* WBMainView.h */ = {isa = PBXFileReference; fileEncoding = 4; lastKnownFileType = sourcecode.c.h; path = WBMainView.h; sourceTree = "<group>"; };
		CEB79AD91A0528F300714531 /* WBMainView.m */ = {isa = PBXFileReference; fileEncoding = 4; lastKnownFileType = sourcecode.c.objc; path = WBMainView.m; sourceTree = "<group>"; };
		CEB79ADB1A05374200714531 /* WBCircleView.h */ = {isa = PBXFileReference; fileEncoding = 4; lastKnownFileType = sourcecode.c.h; path = WBCircleView.h; sourceTree = "<group>"; };
		CEB79ADC1A05374200714531 /* WBCircleView.m */ = {isa = PBXFileReference; fileEncoding = 4; lastKnownFileType = sourcecode.c.objc; path = WBCircleView.m; sourceTree = "<group>"; };
		CEB79ADF1A053F7000714531 /* WristBand-Prefix.pch */ = {isa = PBXFileReference; fileEncoding = 4; lastKnownFileType = sourcecode.c.h; path = "WristBand-Prefix.pch"; sourceTree = "<group>"; };
		CEB79AE11A05D26E00714531 /* WBMacros.h */ = {isa = PBXFileReference; fileEncoding = 4; lastKnownFileType = sourcecode.c.h; path = WBMacros.h; sourceTree = "<group>"; };
		CEB79B1D1A05D35E00714531 /* UIDevice+WB.h */ = {isa = PBXFileReference; fileEncoding = 4; lastKnownFileType = sourcecode.c.h; path = "UIDevice+WB.h"; sourceTree = "<group>"; };
		CEB79B1E1A05D35E00714531 /* UIDevice+WB.m */ = {isa = PBXFileReference; fileEncoding = 4; lastKnownFileType = sourcecode.c.objc; path = "UIDevice+WB.m"; sourceTree = "<group>"; };
		CEB79B211A05D4E900714531 /* GCDGroup.h */ = {isa = PBXFileReference; fileEncoding = 4; lastKnownFileType = sourcecode.c.h; path = GCDGroup.h; sourceTree = "<group>"; };
		CEB79B221A05D4E900714531 /* GCDGroup.m */ = {isa = PBXFileReference; fileEncoding = 4; lastKnownFileType = sourcecode.c.objc; path = GCDGroup.m; sourceTree = "<group>"; };
		CEB79B231A05D4E900714531 /* GCDMacros.h */ = {isa = PBXFileReference; fileEncoding = 4; lastKnownFileType = sourcecode.c.h; path = GCDMacros.h; sourceTree = "<group>"; };
		CEB79B241A05D4E900714531 /* GCDObjC.h */ = {isa = PBXFileReference; fileEncoding = 4; lastKnownFileType = sourcecode.c.h; path = GCDObjC.h; sourceTree = "<group>"; };
		CEB79B251A05D4E900714531 /* GCDQueue.h */ = {isa = PBXFileReference; fileEncoding = 4; lastKnownFileType = sourcecode.c.h; path = GCDQueue.h; sourceTree = "<group>"; };
		CEB79B261A05D4E900714531 /* GCDQueue.m */ = {isa = PBXFileReference; fileEncoding = 4; lastKnownFileType = sourcecode.c.objc; path = GCDQueue.m; sourceTree = "<group>"; };
		CEB79B271A05D4E900714531 /* GCDSemaphore.h */ = {isa = PBXFileReference; fileEncoding = 4; lastKnownFileType = sourcecode.c.h; path = GCDSemaphore.h; sourceTree = "<group>"; };
		CEB79B281A05D4E900714531 /* GCDSemaphore.m */ = {isa = PBXFileReference; fileEncoding = 4; lastKnownFileType = sourcecode.c.objc; path = GCDSemaphore.m; sourceTree = "<group>"; };
		CEB79B2C1A05D55700714531 /* WBCategory.h */ = {isa = PBXFileReference; fileEncoding = 4; lastKnownFileType = sourcecode.c.h; path = WBCategory.h; sourceTree = "<group>"; };
		CEB79B2D1A05D75300714531 /* sleep_achievement_icon.png */ = {isa = PBXFileReference; lastKnownFileType = image.png; path = sleep_achievement_icon.png; sourceTree = "<group>"; };
		CEB79B2E1A05D75300714531 /* sleep_achievement_icon@2x.png */ = {isa = PBXFileReference; lastKnownFileType = image.png; path = "sleep_achievement_icon@2x.png"; sourceTree = "<group>"; };
		CEB79B311A05DA8900714531 /* UIView+WB.h */ = {isa = PBXFileReference; fileEncoding = 4; lastKnownFileType = sourcecode.c.h; path = "UIView+WB.h"; sourceTree = "<group>"; };
		CEB79B321A05DA8900714531 /* UIView+WB.m */ = {isa = PBXFileReference; fileEncoding = 4; lastKnownFileType = sourcecode.c.objc; path = "UIView+WB.m"; sourceTree = "<group>"; };
		CEB79B341A05E4A900714531 /* center_image_default.png */ = {isa = PBXFileReference; lastKnownFileType = image.png; path = center_image_default.png; sourceTree = "<group>"; };
		CEB79B351A05E4A900714531 /* center_image_default@2x.png */ = {isa = PBXFileReference; lastKnownFileType = image.png; path = "center_image_default@2x.png"; sourceTree = "<group>"; };
		CEB79B361A05E4A900714531 /* center_image_pressed.png */ = {isa = PBXFileReference; lastKnownFileType = image.png; path = center_image_pressed.png; sourceTree = "<group>"; };
		CEB79B371A05E4A900714531 /* center_image_pressed@2x.png */ = {isa = PBXFileReference; lastKnownFileType = image.png; path = "center_image_pressed@2x.png"; sourceTree = "<group>"; };
		CEB79B3C1A05F92300714531 /* UIColor+WB.h */ = {isa = PBXFileReference; fileEncoding = 4; lastKnownFileType = sourcecode.c.h; path = "UIColor+WB.h"; sourceTree = "<group>"; };
		CEB79B3D1A05F92300714531 /* UIColor+WB.m */ = {isa = PBXFileReference; fileEncoding = 4; lastKnownFileType = sourcecode.c.objc; path = "UIColor+WB.m"; sourceTree = "<group>"; };
		CEB79B431A06046600714531 /* WBScoreDetailCell.h */ = {isa = PBXFileReference; fileEncoding = 4; lastKnownFileType = sourcecode.c.h; path = WBScoreDetailCell.h; sourceTree = "<group>"; };
		CEB79B441A06046600714531 /* WBScoreDetailCell.m */ = {isa = PBXFileReference; fileEncoding = 4; lastKnownFileType = sourcecode.c.objc; path = WBScoreDetailCell.m; sourceTree = "<group>"; };
		CED5267F1A1F885700016B4D /* WBHeartRateCell.h */ = {isa = PBXFileReference; fileEncoding = 4; lastKnownFileType = sourcecode.c.h; path = WBHeartRateCell.h; sourceTree = "<group>"; };
		CED526801A1F885700016B4D /* WBHeartRateCell.m */ = {isa = PBXFileReference; fileEncoding = 4; lastKnownFileType = sourcecode.c.objc; path = WBHeartRateCell.m; sourceTree = "<group>"; };
		CED526821A1F888800016B4D /* WBBreathRateCell.h */ = {isa = PBXFileReference; fileEncoding = 4; lastKnownFileType = sourcecode.c.h; path = WBBreathRateCell.h; sourceTree = "<group>"; };
		CED526831A1F888800016B4D /* WBBreathRateCell.m */ = {isa = PBXFileReference; fileEncoding = 4; lastKnownFileType = sourcecode.c.objc; path = WBBreathRateCell.m; sourceTree = "<group>"; };
		CED526851A1F89B500016B4D /* icon_average_respiration_rate.png */ = {isa = PBXFileReference; lastKnownFileType = image.png; path = icon_average_respiration_rate.png; sourceTree = "<group>"; };
		CED526861A1F89B500016B4D /* icon_average_respiration_rate@2x.png */ = {isa = PBXFileReference; lastKnownFileType = image.png; path = "icon_average_respiration_rate@2x.png"; sourceTree = "<group>"; };
		CED526871A1F89B500016B4D /* icon_heart_extreme.png */ = {isa = PBXFileReference; lastKnownFileType = image.png; path = icon_heart_extreme.png; sourceTree = "<group>"; };
		CED526881A1F89B500016B4D /* icon_heart_extreme@2x.png */ = {isa = PBXFileReference; lastKnownFileType = image.png; path = "icon_heart_extreme@2x.png"; sourceTree = "<group>"; };
		CED5268D1A1F8FE400016B4D /* icon_heart_wide.png */ = {isa = PBXFileReference; lastKnownFileType = image.png; path = icon_heart_wide.png; sourceTree = "<group>"; };
		CED5268E1A1F8FE400016B4D /* icon_heart_wide@2x.png */ = {isa = PBXFileReference; lastKnownFileType = image.png; path = "icon_heart_wide@2x.png"; sourceTree = "<group>"; };
/* End PBXFileReference section */

/* Begin PBXFrameworksBuildPhase section */
		CEB79A741A051AAB00714531 /* Frameworks */ = {
			isa = PBXFrameworksBuildPhase;
			buildActionMask = 2147483647;
			files = (
				CEAA436C1A092E6D00EDBAF3 /* CoreBluetooth.framework in Frameworks */,
				CEAA436A1A092E6700EDBAF3 /* ExternalAccessory.framework in Frameworks */,
			);
			runOnlyForDeploymentPostprocessing = 0;
		};
		CEB79A8D1A051AAB00714531 /* Frameworks */ = {
			isa = PBXFrameworksBuildPhase;
			buildActionMask = 2147483647;
			files = (
			);
			runOnlyForDeploymentPostprocessing = 0;
		};
/* End PBXFrameworksBuildPhase section */

/* Begin PBXGroup section */
		CE4553E51A0F4E5400E417B7 /* WBUIKit */ = {
			isa = PBXGroup;
			children = (
				CE4553E91A0F5D7800E417B7 /* WBContainViewController.h */,
				CE4553EA1A0F5D7800E417B7 /* WBContainViewController.m */,
				CE4553E61A0F4E8200E417B7 /* WBHitTestView.h */,
				CE4553E71A0F4E8200E417B7 /* WBHitTestView.m */,
			);
			name = WBUIKit;
			path = WristBand/WBUIKit;
			sourceTree = "<group>";
		};
		CE6DCB6C1A12344900F49843 /* BLE */ = {
			isa = PBXGroup;
			children = (
				CE6DCB6D1A124BD400F49843 /* BLE.h */,
				CE6DCB6E1A124BD400F49843 /* BLE.m */,
				CE6DCB6F1A124BD400F49843 /* BLEDefines.h */,
			);
			name = BLE;
			path = WristBand/BLE;
			sourceTree = "<group>";
		};
		CEAA43341A07C95B00EDBAF3 /* Improvement */ = {
			isa = PBXGroup;
			children = (
				CEAA43351A07C99900EDBAF3 /* WBImprovementViewController.h */,
				CEAA43361A07C99900EDBAF3 /* WBImprovementViewController.m */,
			);
			path = Improvement;
			sourceTree = "<group>";
		};
		CEAA436D1A09318A00EDBAF3 /* Frameworks */ = {
			isa = PBXGroup;
			children = (
				CEAA436B1A092E6D00EDBAF3 /* CoreBluetooth.framework */,
				CEAA43691A092E6700EDBAF3 /* ExternalAccessory.framework */,
			);
			name = Frameworks;
			sourceTree = "<group>";
		};
		CEB79A6E1A051AAB00714531 = {
			isa = PBXGroup;
			children = (
				CEB79AAB1A051D9900714531 /* Resource */,
				CEB79AE01A05D22D00714531 /* Common */,
				CEB79B1C1A05D2FC00714531 /* Category */,
				CEB79AC71A05247D00714531 /* BusinessEntity */,
				CEB79AB91A0523B600714531 /* ThirdLibrary */,
				CE4553E51A0F4E5400E417B7 /* WBUIKit */,
				CE6DCB6C1A12344900F49843 /* BLE */,
				CEB79A791A051AAB00714531 /* WristBand */,
				CEB79A931A051AAB00714531 /* WristBandTests */,
				CEAA436D1A09318A00EDBAF3 /* Frameworks */,
				CEB79A781A051AAB00714531 /* Products */,
			);
			sourceTree = "<group>";
		};
		CEB79A781A051AAB00714531 /* Products */ = {
			isa = PBXGroup;
			children = (
				CEB79A771A051AAB00714531 /* WristBand.app */,
				CEB79A901A051AAB00714531 /* WristBandTests.xctest */,
			);
			name = Products;
			sourceTree = "<group>";
		};
		CEB79A791A051AAB00714531 /* WristBand */ = {
			isa = PBXGroup;
			children = (
				CEB79ACF1A05285B00714531 /* Main */,
				CEB79ACB1A0527E300714531 /* Setting */,
				CEAA43341A07C95B00EDBAF3 /* Improvement */,
				CEB79A7E1A051AAB00714531 /* AppDelegate.h */,
				CEB79A7F1A051AAB00714531 /* AppDelegate.m */,
				CEB79A7A1A051AAB00714531 /* Supporting Files */,
			);
			path = WristBand;
			sourceTree = "<group>";
		};
		CEB79A7A1A051AAB00714531 /* Supporting Files */ = {
			isa = PBXGroup;
			children = (
				CEB79A7B1A051AAB00714531 /* Info.plist */,
				CEB79A7C1A051AAB00714531 /* main.m */,
				CEB79ADF1A053F7000714531 /* WristBand-Prefix.pch */,
			);
			name = "Supporting Files";
			sourceTree = "<group>";
		};
		CEB79A931A051AAB00714531 /* WristBandTests */ = {
			isa = PBXGroup;
			children = (
				CEB79A961A051AAB00714531 /* WristBandTests.m */,
				CEB79A941A051AAB00714531 /* Supporting Files */,
			);
			path = WristBandTests;
			sourceTree = "<group>";
		};
		CEB79A941A051AAB00714531 /* Supporting Files */ = {
			isa = PBXGroup;
			children = (
				CEB79A951A051AAB00714531 /* Info.plist */,
			);
			name = "Supporting Files";
			sourceTree = "<group>";
		};
		CEB79AAB1A051D9900714531 /* Resource */ = {
			isa = PBXGroup;
			children = (
				45EC07681A11F6E80013E3D1 /* Default-568h@2x.png */,
				45EC07691A11F6E80013E3D1 /* Default@2x.png */,
				CE4553E11A0F4E3300E417B7 /* icon_back.png */,
				CE4553E21A0F4E3300E417B7 /* icon_back@2x.png */,
				CE5218441A0F18D700650FB1 /* dark_navigation_bar.png */,
				CE5218451A0F18D700650FB1 /* dark_navigation_bar@2x.png */,
				CEAA43611A09195C00EDBAF3 /* button_background_image_day_act.png */,
				CEAA43621A09195C00EDBAF3 /* button_background_image_day_act@2x.png */,
				CEAA43631A09195C00EDBAF3 /* button_background_image_day.png */,
				CEAA43641A09195C00EDBAF3 /* button_background_image_day@2x.png */,
				CEB79AD61A05288000714531 /* Images.xcassets */,
				CEB79AB51A05238A00714531 /* timeline_40@2x.png */,
				CEB79AB61A05238A00714531 /* timeline_60@2x.png */,
				CEB79AAC1A051DA200714531 /* icon_user.png */,
				CEB79AAD1A051DA200714531 /* icon_user@2x.png */,
				CEB79B2D1A05D75300714531 /* sleep_achievement_icon.png */,
				CEB79B2E1A05D75300714531 /* sleep_achievement_icon@2x.png */,
				CEB79B341A05E4A900714531 /* center_image_default.png */,
				CEB79B351A05E4A900714531 /* center_image_default@2x.png */,
				CEB79B361A05E4A900714531 /* center_image_pressed.png */,
				CEB79B371A05E4A900714531 /* center_image_pressed@2x.png */,
				CE54141A1A06079C0013A450 /* icon_x.png */,
				CE54141B1A06079C0013A450 /* icon_x@2x.png */,
				CE54141F1A06082F0013A450 /* score_breakdown.png */,
				CE54141E1A06082F0013A450 /* score_breakdown@2x.png */,
				CE5414251A061D870013A450 /* icon_idea.png */,
				CE5414261A061D870013A450 /* icon_idea@2x.png */,
				CE5414291A06200D0013A450 /* checkbox_smart_normal_disabled.png */,
				CE54142A1A06200D0013A450 /* checkbox_smart_normal_disabled@2x.png */,
				CE54142B1A06200D0013A450 /* checkbox_smart_normal.png */,
				CE54142C1A06200D0013A450 /* checkbox_smart_normal@2x.png */,
				CE5414311A0623010013A450 /* icon_arrow_right_white.png */,
				CE5414321A0623010013A450 /* icon_arrow_right_white@2x.png */,
				CE5414381A0626C60013A450 /* icon_total_sleep_time.png */,
				CE5414391A0626C60013A450 /* icon_total_sleep_time@2x.png */,
				CEAA43381A07CB8800EDBAF3 /* tip_icon_sheep.png */,
				CEAA43391A07CB8800EDBAF3 /* tip_icon_sheep@2x.png */,
				CEAA43401A07CC8700EDBAF3 /* tip_icon_fitness.png */,
				CEAA43411A07CC8700EDBAF3 /* tip_icon_fitness@2x.png */,
				CEAA43501A07DD8000EDBAF3 /* icon_acount.png */,
				CEAA43511A07DD8000EDBAF3 /* icon_acount@2x.png */,
				CEAA43541A07DEC900EDBAF3 /* icon_acount_edit_acount.png */,
				CEAA43551A07DEC900EDBAF3 /* icon_acount_edit_acount@2x.png */,
				CE559C811A0E27D9000F3D66 /* icon_measuring_spinner.png */,
				CE559C821A0E27D9000F3D66 /* icon_measuring_spinner@2x.png */,
				CE559C851A0E2A3C000F3D66 /* button_background_image_night.png */,
				CE559C861A0E2A3C000F3D66 /* button_background_image_night@2x.png */,
				CED526851A1F89B500016B4D /* icon_average_respiration_rate.png */,
				CED526861A1F89B500016B4D /* icon_average_respiration_rate@2x.png */,
				CED526871A1F89B500016B4D /* icon_heart_extreme.png */,
				CED526881A1F89B500016B4D /* icon_heart_extreme@2x.png */,
				CED5268D1A1F8FE400016B4D /* icon_heart_wide.png */,
				CED5268E1A1F8FE400016B4D /* icon_heart_wide@2x.png */,
			);
			name = Resource;
			path = WristBand/Resource;
			sourceTree = "<group>";
		};
		CEB79AB91A0523B600714531 /* ThirdLibrary */ = {
			isa = PBXGroup;
			children = (
				CEB79B201A05D4E100714531 /* GCDObjC */,
				CEB79ABA1A0523DE00714531 /* PureLayout */,
			);
			name = ThirdLibrary;
			path = WristBand/ThirdLibrary;
			sourceTree = "<group>";
		};
		CEB79ABA1A0523DE00714531 /* PureLayout */ = {
			isa = PBXGroup;
			children = (
				CEB79ABB1A0523E800714531 /* ALView+PureLayout.h */,
				CEB79ABC1A0523E800714531 /* ALView+PureLayout.m */,
				CEB79ABD1A0523E800714531 /* NSArray+PureLayout.h */,
				CEB79ABE1A0523E800714531 /* NSArray+PureLayout.m */,
				CEB79ABF1A0523E800714531 /* NSLayoutConstraint+PureLayout.h */,
				CEB79AC01A0523E800714531 /* NSLayoutConstraint+PureLayout.m */,
				CEB79AC11A0523E800714531 /* PureLayout+Internal.h */,
				CEB79AC21A0523E800714531 /* PureLayout.h */,
				CEB79AC31A0523E800714531 /* PureLayoutDefines.h */,
			);
			path = PureLayout;
			sourceTree = "<group>";
		};
		CEB79AC71A05247D00714531 /* BusinessEntity */ = {
			isa = PBXGroup;
			children = (
				CE4553EC1A0F67ED00E417B7 /* WBSleepInfo.h */,
				CE4553ED1A0F67ED00E417B7 /* WBSleepInfo.m */,
				CEB79AC81A05249200714531 /* WBSleepPoint.h */,
				CEB79AC91A05249200714531 /* WBSleepPoint.m */,
				CE4553EF1A0F68E800E417B7 /* WBSleepScore.h */,
				CE4553F01A0F68E800E417B7 /* WBSleepScore.m */,
			);
			name = BusinessEntity;
			path = WristBand/BusinessEntity;
			sourceTree = "<group>";
		};
		CEB79ACB1A0527E300714531 /* Setting */ = {
			isa = PBXGroup;
			children = (
				CEB79ACC1A0527E300714531 /* WBSettingViewController.h */,
				CEB79ACD1A0527E300714531 /* WBSettingViewController.m */,
				CEAA43441A07DAAA00EDBAF3 /* WBSettingPersonalInfoCell.h */,
				CEAA43451A07DAAA00EDBAF3 /* WBSettingPersonalInfoCell.m */,
				CEAA43471A07DACA00EDBAF3 /* WBSettingSleepGoalCell.h */,
				CEAA43481A07DACA00EDBAF3 /* WBSettingSleepGoalCell.m */,
				CEAA434A1A07DAEE00EDBAF3 /* WBSettingSleepTipsCell.h */,
				CEAA434B1A07DAEE00EDBAF3 /* WBSettingSleepTipsCell.m */,
				CEAA434D1A07DB0A00EDBAF3 /* WBSettingVersionCell.h */,
				CEAA434E1A07DB0A00EDBAF3 /* WBSettingVersionCell.m */,
				CEAA43581A0914FB00EDBAF3 /* WBPersonalInfoViewController.h */,
				CEAA43591A0914FB00EDBAF3 /* WBPersonalInfoViewController.m */,
			);
			path = Setting;
			sourceTree = "<group>";
		};
		CEB79ACF1A05285B00714531 /* Main */ = {
			isa = PBXGroup;
			children = (
				CEB79AD21A05285B00714531 /* WBMainViewController.h */,
				CEB79AD31A05285B00714531 /* WBMainViewController.m */,
				CEB79AD81A0528F300714531 /* WBMainView.h */,
				CEB79AD91A0528F300714531 /* WBMainView.m */,
				CEB79ADB1A05374200714531 /* WBCircleView.h */,
				CEB79ADC1A05374200714531 /* WBCircleView.m */,
				CEB79AD01A05285B00714531 /* WBLineChartView.h */,
				CEB79AD11A05285B00714531 /* WBLineChartView.m */,
				CEAA435B1A09185700EDBAF3 /* WBConnectDeviceView.h */,
				CEAA435C1A09185700EDBAF3 /* WBConnectDeviceView.m */,
				CEAA435E1A09188400EDBAF3 /* WBMeasuringView.h */,
				CEAA435F1A09188400EDBAF3 /* WBMeasuringView.m */,
				CEB79B421A06044500714531 /* Cells */,
			);
			path = Main;
			sourceTree = "<group>";
		};
		CEB79AE01A05D22D00714531 /* Common */ = {
			isa = PBXGroup;
			children = (
				CEB79AE11A05D26E00714531 /* WBMacros.h */,
				CE6DCB721A124EAB00F49843 /* WBSingleton.h */,
			);
			name = Common;
			path = WristBand/Common;
			sourceTree = "<group>";
		};
		CEB79B1C1A05D2FC00714531 /* Category */ = {
			isa = PBXGroup;
			children = (
				CEB79B2C1A05D55700714531 /* WBCategory.h */,
				CEB79B1D1A05D35E00714531 /* UIDevice+WB.h */,
				CEB79B1E1A05D35E00714531 /* UIDevice+WB.m */,
				CEB79B311A05DA8900714531 /* UIView+WB.h */,
				CEB79B321A05DA8900714531 /* UIView+WB.m */,
				CEB79B3C1A05F92300714531 /* UIColor+WB.h */,
				CEB79B3D1A05F92300714531 /* UIColor+WB.m */,
				CE52184D1A0F3B4500650FB1 /* UIViewController+Container.h */,
				CE52184E1A0F3B4500650FB1 /* UIViewController+Container.m */,
				45B75E6C1A11F1D0001AF044 /* UINavigationBar+WB.h */,
				45B75E6D1A11F1D0001AF044 /* UINavigationBar+WB.m */,
			);
			name = Category;
			path = WristBand/Category;
			sourceTree = "<group>";
		};
		CEB79B201A05D4E100714531 /* GCDObjC */ = {
			isa = PBXGroup;
			children = (
				CEB79B211A05D4E900714531 /* GCDGroup.h */,
				CEB79B221A05D4E900714531 /* GCDGroup.m */,
				CEB79B231A05D4E900714531 /* GCDMacros.h */,
				CEB79B241A05D4E900714531 /* GCDObjC.h */,
				CEB79B251A05D4E900714531 /* GCDQueue.h */,
				CEB79B261A05D4E900714531 /* GCDQueue.m */,
				CEB79B271A05D4E900714531 /* GCDSemaphore.h */,
				CEB79B281A05D4E900714531 /* GCDSemaphore.m */,
			);
			path = GCDObjC;
			sourceTree = "<group>";
		};
		CEB79B421A06044500714531 /* Cells */ = {
			isa = PBXGroup;
			children = (
				CE6DCB691A10EDF600F49843 /* WBCollectionViewCell.h */,
				CE6DCB6A1A10EDF600F49843 /* WBCollectionViewCell.m */,
				CE4553F21A0F721C00E417B7 /* WBBaseCell.h */,
				CE4553F31A0F721C00E417B7 /* WBBaseCell.m */,
				CEB79B431A06046600714531 /* WBScoreDetailCell.h */,
				CEB79B441A06046600714531 /* WBScoreDetailCell.m */,
				CE5414221A061B920013A450 /* WBImprovementIdeaCell.h */,
				CE5414231A061B920013A450 /* WBImprovementIdeaCell.m */,
				CE5414351A0624010013A450 /* WBTotalSleepTimeCell.h */,
				CE5414361A0624010013A450 /* WBTotalSleepTimeCell.m */,
				CED5267F1A1F885700016B4D /* WBHeartRateCell.h */,
				CED526801A1F885700016B4D /* WBHeartRateCell.m */,
				CED526821A1F888800016B4D /* WBBreathRateCell.h */,
				CED526831A1F888800016B4D /* WBBreathRateCell.m */,
			);
			path = Cells;
			sourceTree = "<group>";
		};
/* End PBXGroup section */

/* Begin PBXNativeTarget section */
		CEB79A761A051AAB00714531 /* WristBand */ = {
			isa = PBXNativeTarget;
			buildConfigurationList = CEB79A9A1A051AAB00714531 /* Build configuration list for PBXNativeTarget "WristBand" */;
			buildPhases = (
				CEB79A731A051AAB00714531 /* Sources */,
				CEB79A741A051AAB00714531 /* Frameworks */,
				CEB79A751A051AAB00714531 /* Resources */,
			);
			buildRules = (
			);
			dependencies = (
			);
			name = WristBand;
			productName = WristBand;
			productReference = CEB79A771A051AAB00714531 /* WristBand.app */;
			productType = "com.apple.product-type.application";
		};
		CEB79A8F1A051AAB00714531 /* WristBandTests */ = {
			isa = PBXNativeTarget;
			buildConfigurationList = CEB79A9D1A051AAB00714531 /* Build configuration list for PBXNativeTarget "WristBandTests" */;
			buildPhases = (
				CEB79A8C1A051AAB00714531 /* Sources */,
				CEB79A8D1A051AAB00714531 /* Frameworks */,
				CEB79A8E1A051AAB00714531 /* Resources */,
			);
			buildRules = (
			);
			dependencies = (
				CEB79A921A051AAB00714531 /* PBXTargetDependency */,
			);
			name = WristBandTests;
			productName = WristBandTests;
			productReference = CEB79A901A051AAB00714531 /* WristBandTests.xctest */;
			productType = "com.apple.product-type.bundle.unit-test";
		};
/* End PBXNativeTarget section */

/* Begin PBXProject section */
		CEB79A6F1A051AAB00714531 /* Project object */ = {
			isa = PBXProject;
			attributes = {
				LastUpgradeCheck = 0610;
				ORGANIZATIONNAME = WB;
				TargetAttributes = {
					CEB79A761A051AAB00714531 = {
						CreatedOnToolsVersion = 6.1;
						SystemCapabilities = {
							com.apple.BackgroundModes = {
								enabled = 1;
							};
						};
					};
					CEB79A8F1A051AAB00714531 = {
						CreatedOnToolsVersion = 6.1;
						TestTargetID = CEB79A761A051AAB00714531;
					};
				};
			};
			buildConfigurationList = CEB79A721A051AAB00714531 /* Build configuration list for PBXProject "WristBand" */;
			compatibilityVersion = "Xcode 3.2";
			developmentRegion = English;
			hasScannedForEncodings = 0;
			knownRegions = (
				en,
				Base,
			);
			mainGroup = CEB79A6E1A051AAB00714531;
			productRefGroup = CEB79A781A051AAB00714531 /* Products */;
			projectDirPath = "";
			projectRoot = "";
			targets = (
				CEB79A761A051AAB00714531 /* WristBand */,
				CEB79A8F1A051AAB00714531 /* WristBandTests */,
			);
		};
/* End PBXProject section */

/* Begin PBXResourcesBuildPhase section */
		CEB79A751A051AAB00714531 /* Resources */ = {
			isa = PBXResourcesBuildPhase;
			buildActionMask = 2147483647;
			files = (
				CEB79AAF1A051DA200714531 /* icon_user@2x.png in Resources */,
				CEB79B3A1A05E4A900714531 /* center_image_pressed.png in Resources */,
				CE5414211A06082F0013A450 /* score_breakdown.png in Resources */,
				CE5218461A0F18D700650FB1 /* dark_navigation_bar.png in Resources */,
				CE54142D1A06200D0013A450 /* checkbox_smart_normal_disabled.png in Resources */,
				CEAA43561A07DEC900EDBAF3 /* icon_acount_edit_acount.png in Resources */,
				45EC076B1A11F6E80013E3D1 /* Default@2x.png in Resources */,
				CEB79AD71A05288000714531 /* Images.xcassets in Resources */,
				CE559C831A0E27D9000F3D66 /* icon_measuring_spinner.png in Resources */,
				CEB79B381A05E4A900714531 /* center_image_default.png in Resources */,
				CEAA43651A09195C00EDBAF3 /* button_background_image_day_act.png in Resources */,
				CEAA43681A09195C00EDBAF3 /* button_background_image_day@2x.png in Resources */,
				CEAA43531A07DD8000EDBAF3 /* icon_acount@2x.png in Resources */,
				CEB79AB71A05238A00714531 /* timeline_40@2x.png in Resources */,
				CE54141C1A06079C0013A450 /* icon_x.png in Resources */,
				CE5414341A0623010013A450 /* icon_arrow_right_white@2x.png in Resources */,
				CED5268B1A1F89B500016B4D /* icon_heart_extreme.png in Resources */,
				CEB79B391A05E4A900714531 /* center_image_default@2x.png in Resources */,
				CE54143B1A0626C60013A450 /* icon_total_sleep_time@2x.png in Resources */,
				45EC076A1A11F6E80013E3D1 /* Default-568h@2x.png in Resources */,
				CED526891A1F89B500016B4D /* icon_average_respiration_rate.png in Resources */,
				CE559C871A0E2A3C000F3D66 /* button_background_image_night.png in Resources */,
				CED5268F1A1F8FE400016B4D /* icon_heart_wide.png in Resources */,
				CED5268C1A1F89B500016B4D /* icon_heart_extreme@2x.png in Resources */,
				CEAA43671A09195C00EDBAF3 /* button_background_image_day.png in Resources */,
				CE5414301A06200D0013A450 /* checkbox_smart_normal@2x.png in Resources */,
				CEAA433A1A07CB8800EDBAF3 /* tip_icon_sheep.png in Resources */,
				CE5218471A0F18D700650FB1 /* dark_navigation_bar@2x.png in Resources */,
				CE54142E1A06200D0013A450 /* checkbox_smart_normal_disabled@2x.png in Resources */,
				CEB79AB81A05238A00714531 /* timeline_60@2x.png in Resources */,
				CE559C841A0E27D9000F3D66 /* icon_measuring_spinner@2x.png in Resources */,
				CEB79B2F1A05D75300714531 /* sleep_achievement_icon.png in Resources */,
				CE54143A1A0626C60013A450 /* icon_total_sleep_time.png in Resources */,
				CED5268A1A1F89B500016B4D /* icon_average_respiration_rate@2x.png in Resources */,
				CE5414201A06082F0013A450 /* score_breakdown@2x.png in Resources */,
				CE54142F1A06200D0013A450 /* checkbox_smart_normal.png in Resources */,
				CE4553E41A0F4E3300E417B7 /* icon_back@2x.png in Resources */,
				CE5414331A0623010013A450 /* icon_arrow_right_white.png in Resources */,
				CEAA43521A07DD8000EDBAF3 /* icon_acount.png in Resources */,
				CE5414281A061D870013A450 /* icon_idea@2x.png in Resources */,
				CE559C881A0E2A3C000F3D66 /* button_background_image_night@2x.png in Resources */,
				CEAA43431A07CC8700EDBAF3 /* tip_icon_fitness@2x.png in Resources */,
				CEAA433B1A07CB8800EDBAF3 /* tip_icon_sheep@2x.png in Resources */,
				CE5414271A061D870013A450 /* icon_idea.png in Resources */,
				CEB79AAE1A051DA200714531 /* icon_user.png in Resources */,
				CED526901A1F8FE400016B4D /* icon_heart_wide@2x.png in Resources */,
				CE4553E31A0F4E3300E417B7 /* icon_back.png in Resources */,
				CEB79B301A05D75300714531 /* sleep_achievement_icon@2x.png in Resources */,
				CEAA43421A07CC8700EDBAF3 /* tip_icon_fitness.png in Resources */,
				CEB79B3B1A05E4A900714531 /* center_image_pressed@2x.png in Resources */,
				CE54141D1A06079C0013A450 /* icon_x@2x.png in Resources */,
				CEAA43571A07DEC900EDBAF3 /* icon_acount_edit_acount@2x.png in Resources */,
				CEAA43661A09195C00EDBAF3 /* button_background_image_day_act@2x.png in Resources */,
			);
			runOnlyForDeploymentPostprocessing = 0;
		};
		CEB79A8E1A051AAB00714531 /* Resources */ = {
			isa = PBXResourcesBuildPhase;
			buildActionMask = 2147483647;
			files = (
			);
			runOnlyForDeploymentPostprocessing = 0;
		};
/* End PBXResourcesBuildPhase section */

/* Begin PBXSourcesBuildPhase section */
		CEB79A731A051AAB00714531 /* Sources */ = {
			isa = PBXSourcesBuildPhase;
			buildActionMask = 2147483647;
			files = (
				CE6DCB6B1A10EDF600F49843 /* WBCollectionViewCell.m in Sources */,
				CEAA43371A07C99900EDBAF3 /* WBImprovementViewController.m in Sources */,
				CE4553E81A0F4E8200E417B7 /* WBHitTestView.m in Sources */,
				CEB79B3E1A05F92300714531 /* UIColor+WB.m in Sources */,
				CEB79A801A051AAB00714531 /* AppDelegate.m in Sources */,
				CE4553F11A0F68E800E417B7 /* WBSleepScore.m in Sources */,
				CEAA434C1A07DAEE00EDBAF3 /* WBSettingSleepTipsCell.m in Sources */,
				CE52184F1A0F3B4500650FB1 /* UIViewController+Container.m in Sources */,
				CE4553EE1A0F67ED00E417B7 /* WBSleepInfo.m in Sources */,
				CEB79AC41A0523E800714531 /* ALView+PureLayout.m in Sources */,
				CE5414241A061B920013A450 /* WBImprovementIdeaCell.m in Sources */,
				CEB79B2A1A05D4E900714531 /* GCDQueue.m in Sources */,
				CEAA43601A09188400EDBAF3 /* WBMeasuringView.m in Sources */,
				CEAA43491A07DACA00EDBAF3 /* WBSettingSleepGoalCell.m in Sources */,
				CEB79B451A06046600714531 /* WBScoreDetailCell.m in Sources */,
				CEB79B331A05DA8900714531 /* UIView+WB.m in Sources */,
				CEB79ADD1A05374200714531 /* WBCircleView.m in Sources */,
				CEAA435A1A0914FB00EDBAF3 /* WBPersonalInfoViewController.m in Sources */,
				CEAA435D1A09185700EDBAF3 /* WBConnectDeviceView.m in Sources */,
				CED526841A1F888800016B4D /* WBBreathRateCell.m in Sources */,
				CEB79AD41A05285B00714531 /* WBLineChartView.m in Sources */,
				CEB79ACE1A0527E300714531 /* WBSettingViewController.m in Sources */,
				CE5414371A0624010013A450 /* WBTotalSleepTimeCell.m in Sources */,
				CE4553F41A0F721C00E417B7 /* WBBaseCell.m in Sources */,
				CE6DCB701A124BD400F49843 /* BLE.m in Sources */,
				CEB79AD51A05285B00714531 /* WBMainViewController.m in Sources */,
				CEB79B1F1A05D35E00714531 /* UIDevice+WB.m in Sources */,
				CEB79AC61A0523E800714531 /* NSLayoutConstraint+PureLayout.m in Sources */,
				CEB79ADA1A0528F300714531 /* WBMainView.m in Sources */,
				CEB79ACA1A05249200714531 /* WBSleepPoint.m in Sources */,
				CEB79B291A05D4E900714531 /* GCDGroup.m in Sources */,
				CEB79AC51A0523E800714531 /* NSArray+PureLayout.m in Sources */,
				45B75E6E1A11F1D0001AF044 /* UINavigationBar+WB.m in Sources */,
				CEAA43461A07DAAA00EDBAF3 /* WBSettingPersonalInfoCell.m in Sources */,
				CEAA434F1A07DB0A00EDBAF3 /* WBSettingVersionCell.m in Sources */,
				CE4553EB1A0F5D7800E417B7 /* WBContainViewController.m in Sources */,
				CEB79A7D1A051AAB00714531 /* main.m in Sources */,
				CEB79B2B1A05D4E900714531 /* GCDSemaphore.m in Sources */,
				CED526811A1F885700016B4D /* WBHeartRateCell.m in Sources */,
			);
			runOnlyForDeploymentPostprocessing = 0;
		};
		CEB79A8C1A051AAB00714531 /* Sources */ = {
			isa = PBXSourcesBuildPhase;
			buildActionMask = 2147483647;
			files = (
				CEB79A971A051AAB00714531 /* WristBandTests.m in Sources */,
			);
			runOnlyForDeploymentPostprocessing = 0;
		};
/* End PBXSourcesBuildPhase section */

/* Begin PBXTargetDependency section */
		CEB79A921A051AAB00714531 /* PBXTargetDependency */ = {
			isa = PBXTargetDependency;
			target = CEB79A761A051AAB00714531 /* WristBand */;
			targetProxy = CEB79A911A051AAB00714531 /* PBXContainerItemProxy */;
		};
/* End PBXTargetDependency section */

/* Begin XCBuildConfiguration section */
		CEB79A981A051AAB00714531 /* Debug */ = {
			isa = XCBuildConfiguration;
			buildSettings = {
				ALWAYS_SEARCH_USER_PATHS = NO;
				CLANG_CXX_LANGUAGE_STANDARD = "gnu++0x";
				CLANG_CXX_LIBRARY = "libc++";
				CLANG_ENABLE_MODULES = YES;
				CLANG_ENABLE_OBJC_ARC = YES;
				CLANG_WARN_BOOL_CONVERSION = YES;
				CLANG_WARN_CONSTANT_CONVERSION = YES;
				CLANG_WARN_DIRECT_OBJC_ISA_USAGE = YES_ERROR;
				CLANG_WARN_EMPTY_BODY = YES;
				CLANG_WARN_ENUM_CONVERSION = YES;
				CLANG_WARN_INT_CONVERSION = YES;
				CLANG_WARN_OBJC_ROOT_CLASS = YES_ERROR;
				CLANG_WARN_UNREACHABLE_CODE = YES;
				CLANG_WARN__DUPLICATE_METHOD_MATCH = YES;
				"CODE_SIGN_IDENTITY[sdk=iphoneos*]" = "iPhone Developer";
				COPY_PHASE_STRIP = NO;
				ENABLE_STRICT_OBJC_MSGSEND = YES;
				GCC_C_LANGUAGE_STANDARD = gnu99;
				GCC_DYNAMIC_NO_PIC = NO;
				GCC_OPTIMIZATION_LEVEL = 0;
				GCC_PREPROCESSOR_DEFINITIONS = (
					"DEBUG=1",
					"$(inherited)",
				);
				GCC_SYMBOLS_PRIVATE_EXTERN = NO;
				GCC_WARN_64_TO_32_BIT_CONVERSION = YES;
				GCC_WARN_ABOUT_RETURN_TYPE = YES_ERROR;
				GCC_WARN_UNDECLARED_SELECTOR = YES;
				GCC_WARN_UNINITIALIZED_AUTOS = YES_AGGRESSIVE;
				GCC_WARN_UNUSED_FUNCTION = YES;
				GCC_WARN_UNUSED_VARIABLE = YES;
				IPHONEOS_DEPLOYMENT_TARGET = 8.1;
				MTL_ENABLE_DEBUG_INFO = YES;
				ONLY_ACTIVE_ARCH = YES;
				SDKROOT = iphoneos;
			};
			name = Debug;
		};
		CEB79A991A051AAB00714531 /* Release */ = {
			isa = XCBuildConfiguration;
			buildSettings = {
				ALWAYS_SEARCH_USER_PATHS = NO;
				CLANG_CXX_LANGUAGE_STANDARD = "gnu++0x";
				CLANG_CXX_LIBRARY = "libc++";
				CLANG_ENABLE_MODULES = YES;
				CLANG_ENABLE_OBJC_ARC = YES;
				CLANG_WARN_BOOL_CONVERSION = YES;
				CLANG_WARN_CONSTANT_CONVERSION = YES;
				CLANG_WARN_DIRECT_OBJC_ISA_USAGE = YES_ERROR;
				CLANG_WARN_EMPTY_BODY = YES;
				CLANG_WARN_ENUM_CONVERSION = YES;
				CLANG_WARN_INT_CONVERSION = YES;
				CLANG_WARN_OBJC_ROOT_CLASS = YES_ERROR;
				CLANG_WARN_UNREACHABLE_CODE = YES;
				CLANG_WARN__DUPLICATE_METHOD_MATCH = YES;
				"CODE_SIGN_IDENTITY[sdk=iphoneos*]" = "iPhone Developer";
				COPY_PHASE_STRIP = YES;
				ENABLE_NS_ASSERTIONS = NO;
				ENABLE_STRICT_OBJC_MSGSEND = YES;
				GCC_C_LANGUAGE_STANDARD = gnu99;
				GCC_WARN_64_TO_32_BIT_CONVERSION = YES;
				GCC_WARN_ABOUT_RETURN_TYPE = YES_ERROR;
				GCC_WARN_UNDECLARED_SELECTOR = YES;
				GCC_WARN_UNINITIALIZED_AUTOS = YES_AGGRESSIVE;
				GCC_WARN_UNUSED_FUNCTION = YES;
				GCC_WARN_UNUSED_VARIABLE = YES;
				IPHONEOS_DEPLOYMENT_TARGET = 8.1;
				MTL_ENABLE_DEBUG_INFO = NO;
				SDKROOT = iphoneos;
				VALIDATE_PRODUCT = YES;
			};
			name = Release;
		};
		CEB79A9B1A051AAB00714531 /* Debug */ = {
			isa = XCBuildConfiguration;
			buildSettings = {
				ASSETCATALOG_COMPILER_APPICON_NAME = AppIcon;
				CODE_SIGN_IDENTITY = "iPhone Developer: LAP WA NGAI (BGM9PW4869)";
				"CODE_SIGN_IDENTITY[sdk=iphoneos*]" = "iPhone Developer: LAP WA NGAI (BGM9PW4869)";
				GCC_PREFIX_HEADER = "WristBand/WristBand-Prefix.pch";
				INFOPLIST_FILE = WristBand/Info.plist;
				IPHONEOS_DEPLOYMENT_TARGET = 7.0;
				LD_RUNPATH_SEARCH_PATHS = "$(inherited) @executable_path/Frameworks";
				PRODUCT_NAME = "$(TARGET_NAME)";
				PROVISIONING_PROFILE = "4707235f-d335-4a3e-b34d-cf06c5cc86c6";
			};
			name = Debug;
		};
		CEB79A9C1A051AAB00714531 /* Release */ = {
			isa = XCBuildConfiguration;
			buildSettings = {
				ASSETCATALOG_COMPILER_APPICON_NAME = AppIcon;
				CODE_SIGN_IDENTITY = "iPhone Developer: LAP WA NGAI (BGM9PW4869)";
				GCC_PREFIX_HEADER = "WristBand/WristBand-Prefix.pch";
				INFOPLIST_FILE = WristBand/Info.plist;
				IPHONEOS_DEPLOYMENT_TARGET = 7.0;
				LD_RUNPATH_SEARCH_PATHS = "$(inherited) @executable_path/Frameworks";
				PRODUCT_NAME = "$(TARGET_NAME)";
				PROVISIONING_PROFILE = "4707235f-d335-4a3e-b34d-cf06c5cc86c6";
			};
			name = Release;
		};
		CEB79A9E1A051AAB00714531 /* Debug */ = {
			isa = XCBuildConfiguration;
			buildSettings = {
				BUNDLE_LOADER = "$(TEST_HOST)";
				FRAMEWORK_SEARCH_PATHS = (
					"$(SDKROOT)/Developer/Library/Frameworks",
					"$(inherited)",
				);
				GCC_PREPROCESSOR_DEFINITIONS = (
					"DEBUG=1",
					"$(inherited)",
				);
				INFOPLIST_FILE = WristBandTests/Info.plist;
				LD_RUNPATH_SEARCH_PATHS = "$(inherited) @executable_path/Frameworks @loader_path/Frameworks";
				PRODUCT_NAME = "$(TARGET_NAME)";
				TEST_HOST = "$(BUILT_PRODUCTS_DIR)/WristBand.app/WristBand";
			};
			name = Debug;
		};
		CEB79A9F1A051AAB00714531 /* Release */ = {
			isa = XCBuildConfiguration;
			buildSettings = {
				BUNDLE_LOADER = "$(TEST_HOST)";
				FRAMEWORK_SEARCH_PATHS = (
					"$(SDKROOT)/Developer/Library/Frameworks",
					"$(inherited)",
				);
				INFOPLIST_FILE = WristBandTests/Info.plist;
				LD_RUNPATH_SEARCH_PATHS = "$(inherited) @executable_path/Frameworks @loader_path/Frameworks";
				PRODUCT_NAME = "$(TARGET_NAME)";
				TEST_HOST = "$(BUILT_PRODUCTS_DIR)/WristBand.app/WristBand";
			};
			name = Release;
		};
/* End XCBuildConfiguration section */

/* Begin XCConfigurationList section */
		CEB79A721A051AAB00714531 /* Build configuration list for PBXProject "WristBand" */ = {
			isa = XCConfigurationList;
			buildConfigurations = (
				CEB79A981A051AAB00714531 /* Debug */,
				CEB79A991A051AAB00714531 /* Release */,
			);
			defaultConfigurationIsVisible = 0;
			defaultConfigurationName = Release;
		};
		CEB79A9A1A051AAB00714531 /* Build configuration list for PBXNativeTarget "WristBand" */ = {
			isa = XCConfigurationList;
			buildConfigurations = (
				CEB79A9B1A051AAB00714531 /* Debug */,
				CEB79A9C1A051AAB00714531 /* Release */,
			);
			defaultConfigurationIsVisible = 0;
			defaultConfigurationName = Release;
		};
		CEB79A9D1A051AAB00714531 /* Build configuration list for PBXNativeTarget "WristBandTests" */ = {
			isa = XCConfigurationList;
			buildConfigurations = (
				CEB79A9E1A051AAB00714531 /* Debug */,
				CEB79A9F1A051AAB00714531 /* Release */,
			);
			defaultConfigurationIsVisible = 0;
			defaultConfigurationName = Release;
		};
/* End XCConfigurationList section */
	};
	rootObject = CEB79A6F1A051AAB00714531 /* Project object */;
}
